// !$*UTF8*$!
{
	archiveVersion = 1;
	classes = {
	};
	objectVersion = 55;
	objects = {

/* Begin PBXBuildFile section */
		1E335EE527BD339800C4BC2F /* MainTabBarViewController.swift in Sources */ = {isa = PBXBuildFile; fileRef = 1E335EE427BD339800C4BC2F /* MainTabBarViewController.swift */; };
		1E335EE727BD33DA00C4BC2F /* SettingsViewController.swift in Sources */ = {isa = PBXBuildFile; fileRef = 1E335EE627BD33DA00C4BC2F /* SettingsViewController.swift */; };
		1E75BCC127B08015009CC6D4 /* NewsViewController.swift in Sources */ = {isa = PBXBuildFile; fileRef = 1E75BCC027B08015009CC6D4 /* NewsViewController.swift */; };
		1E75BCC327B08027009CC6D4 /* SearchResultsViewController.swift in Sources */ = {isa = PBXBuildFile; fileRef = 1E75BCC227B08027009CC6D4 /* SearchResultsViewController.swift */; };
		1E75BCC527B08040009CC6D4 /* StockDetailsViewController.swift in Sources */ = {isa = PBXBuildFile; fileRef = 1E75BCC427B08040009CC6D4 /* StockDetailsViewController.swift */; };
		1E75BCC727B081B7009CC6D4 /* APICaller.swift in Sources */ = {isa = PBXBuildFile; fileRef = 1E75BCC627B081B7009CC6D4 /* APICaller.swift */; };
		1E75BCC927B081C3009CC6D4 /* PersistenceManager.swift in Sources */ = {isa = PBXBuildFile; fileRef = 1E75BCC827B081C3009CC6D4 /* PersistenceManager.swift */; };
		1E75BCCB27B081CE009CC6D4 /* HapticsManager.swift in Sources */ = {isa = PBXBuildFile; fileRef = 1E75BCCA27B081CE009CC6D4 /* HapticsManager.swift */; };
		1E75BCCD27B08A8B009CC6D4 /* Extensions.swift in Sources */ = {isa = PBXBuildFile; fileRef = 1E75BCCC27B08A8B009CC6D4 /* Extensions.swift */; };
		1E75BCCF27B08ED7009CC6D4 /* SearchResultTableViewCell.swift in Sources */ = {isa = PBXBuildFile; fileRef = 1E75BCCE27B08ED7009CC6D4 /* SearchResultTableViewCell.swift */; };
		1E7A215827AEBB56008D1C05 /* AppDelegate.swift in Sources */ = {isa = PBXBuildFile; fileRef = 1E7A215727AEBB56008D1C05 /* AppDelegate.swift */; };
		1E7A215A27AEBB56008D1C05 /* SceneDelegate.swift in Sources */ = {isa = PBXBuildFile; fileRef = 1E7A215927AEBB56008D1C05 /* SceneDelegate.swift */; };
		1E7A215C27AEBB56008D1C05 /* WatchListViewController.swift in Sources */ = {isa = PBXBuildFile; fileRef = 1E7A215B27AEBB56008D1C05 /* WatchListViewController.swift */; };
		1E7A216127AEBB58008D1C05 /* Assets.xcassets in Resources */ = {isa = PBXBuildFile; fileRef = 1E7A216027AEBB58008D1C05 /* Assets.xcassets */; };
		1E7A216427AEBB58008D1C05 /* LaunchScreen.storyboard in Resources */ = {isa = PBXBuildFile; fileRef = 1E7A216227AEBB58008D1C05 /* LaunchScreen.storyboard */; };
		1E8AD7FA27B1BA0E0041BBE5 /* SearchResponse.swift in Sources */ = {isa = PBXBuildFile; fileRef = 1E8AD7F927B1BA0E0041BBE5 /* SearchResponse.swift */; };
		1E8AD7FE27B1C9F90041BBE5 /* NewsHeaderView.swift in Sources */ = {isa = PBXBuildFile; fileRef = 1E8AD7FD27B1C9F90041BBE5 /* NewsHeaderView.swift */; };
		1E8AD80027B1D2320041BBE5 /* NewsStory.swift in Sources */ = {isa = PBXBuildFile; fileRef = 1E8AD7FF27B1D2320041BBE5 /* NewsStory.swift */; };
		1E8AD80227B1D8C60041BBE5 /* NewsStoryTableViewCell.swift in Sources */ = {isa = PBXBuildFile; fileRef = 1E8AD80127B1D8C60041BBE5 /* NewsStoryTableViewCell.swift */; };
		1EC6585727B5D97A00B1C09F /* FinancialMetricsResponse.swift in Sources */ = {isa = PBXBuildFile; fileRef = 1EC6585627B5D97A00B1C09F /* FinancialMetricsResponse.swift */; };
		1EC6585927B5DC5000B1C09F /* StockDetailHeaderView.swift in Sources */ = {isa = PBXBuildFile; fileRef = 1EC6585827B5DC5000B1C09F /* StockDetailHeaderView.swift */; };
		1EC6585B27B615B000B1C09F /* MetricCollectionViewCell.swift in Sources */ = {isa = PBXBuildFile; fileRef = 1EC6585A27B615B000B1C09F /* MetricCollectionViewCell.swift */; };
		1ED5E24227B3641500413F51 /* MarketDataResponse.swift in Sources */ = {isa = PBXBuildFile; fileRef = 1ED5E24127B3641500413F51 /* MarketDataResponse.swift */; };
		1ED5E24427B36AE500413F51 /* WatchListTableViewCell.swift in Sources */ = {isa = PBXBuildFile; fileRef = 1ED5E24327B36AE500413F51 /* WatchListTableViewCell.swift */; };
		1ED5E24627B36C6A00413F51 /* StockChartView.swift in Sources */ = {isa = PBXBuildFile; fileRef = 1ED5E24527B36C6A00413F51 /* StockChartView.swift */; };
		1EF86B2227B9C88000A40562 /* StockIntheMiddleTests.swift in Sources */ = {isa = PBXBuildFile; fileRef = 1EF86B2127B9C88000A40562 /* StockIntheMiddleTests.swift */; };
		C329CA883EA94C2D3F3B3BE1 /* Pods_StockIntheMiddle.framework in Frameworks */ = {isa = PBXBuildFile; fileRef = 6E5D3C5BBFC10EB666A2BE29 /* Pods_StockIntheMiddle.framework */; };
/* End PBXBuildFile section */

/* Begin PBXContainerItemProxy section */
		1EF86B2327B9C88000A40562 /* PBXContainerItemProxy */ = {
			isa = PBXContainerItemProxy;
			containerPortal = 1E7A214C27AEBB56008D1C05 /* Project object */;
			proxyType = 1;
			remoteGlobalIDString = 1E7A215327AEBB56008D1C05;
			remoteInfo = StockIntheMiddle;
		};
/* End PBXContainerItemProxy section */

/* Begin PBXFileReference section */
		1E335EE427BD339800C4BC2F /* MainTabBarViewController.swift */ = {isa = PBXFileReference; lastKnownFileType = sourcecode.swift; path = MainTabBarViewController.swift; sourceTree = "<group>"; };
		1E335EE627BD33DA00C4BC2F /* SettingsViewController.swift */ = {isa = PBXFileReference; lastKnownFileType = sourcecode.swift; path = SettingsViewController.swift; sourceTree = "<group>"; };
		1E75BCC027B08015009CC6D4 /* NewsViewController.swift */ = {isa = PBXFileReference; lastKnownFileType = sourcecode.swift; path = NewsViewController.swift; sourceTree = "<group>"; };
		1E75BCC227B08027009CC6D4 /* SearchResultsViewController.swift */ = {isa = PBXFileReference; lastKnownFileType = sourcecode.swift; path = SearchResultsViewController.swift; sourceTree = "<group>"; };
		1E75BCC427B08040009CC6D4 /* StockDetailsViewController.swift */ = {isa = PBXFileReference; lastKnownFileType = sourcecode.swift; path = StockDetailsViewController.swift; sourceTree = "<group>"; };
		1E75BCC627B081B7009CC6D4 /* APICaller.swift */ = {isa = PBXFileReference; lastKnownFileType = sourcecode.swift; path = APICaller.swift; sourceTree = "<group>"; };
		1E75BCC827B081C3009CC6D4 /* PersistenceManager.swift */ = {isa = PBXFileReference; lastKnownFileType = sourcecode.swift; path = PersistenceManager.swift; sourceTree = "<group>"; };
		1E75BCCA27B081CE009CC6D4 /* HapticsManager.swift */ = {isa = PBXFileReference; lastKnownFileType = sourcecode.swift; path = HapticsManager.swift; sourceTree = "<group>"; };
		1E75BCCC27B08A8B009CC6D4 /* Extensions.swift */ = {isa = PBXFileReference; lastKnownFileType = sourcecode.swift; path = Extensions.swift; sourceTree = "<group>"; };
		1E75BCCE27B08ED7009CC6D4 /* SearchResultTableViewCell.swift */ = {isa = PBXFileReference; lastKnownFileType = sourcecode.swift; path = SearchResultTableViewCell.swift; sourceTree = "<group>"; };
		1E7A215427AEBB56008D1C05 /* StockIntheMiddle.app */ = {isa = PBXFileReference; explicitFileType = wrapper.application; includeInIndex = 0; path = StockIntheMiddle.app; sourceTree = BUILT_PRODUCTS_DIR; };
		1E7A215727AEBB56008D1C05 /* AppDelegate.swift */ = {isa = PBXFileReference; lastKnownFileType = sourcecode.swift; path = AppDelegate.swift; sourceTree = "<group>"; };
		1E7A215927AEBB56008D1C05 /* SceneDelegate.swift */ = {isa = PBXFileReference; lastKnownFileType = sourcecode.swift; path = SceneDelegate.swift; sourceTree = "<group>"; };
		1E7A215B27AEBB56008D1C05 /* WatchListViewController.swift */ = {isa = PBXFileReference; lastKnownFileType = sourcecode.swift; path = WatchListViewController.swift; sourceTree = "<group>"; };
		1E7A216027AEBB58008D1C05 /* Assets.xcassets */ = {isa = PBXFileReference; lastKnownFileType = folder.assetcatalog; path = Assets.xcassets; sourceTree = "<group>"; };
		1E7A216327AEBB58008D1C05 /* Base */ = {isa = PBXFileReference; lastKnownFileType = file.storyboard; name = Base; path = Base.lproj/LaunchScreen.storyboard; sourceTree = "<group>"; };
		1E7A216527AEBB58008D1C05 /* Info.plist */ = {isa = PBXFileReference; lastKnownFileType = text.plist.xml; path = Info.plist; sourceTree = "<group>"; };
		1E8AD7F927B1BA0E0041BBE5 /* SearchResponse.swift */ = {isa = PBXFileReference; lastKnownFileType = sourcecode.swift; path = SearchResponse.swift; sourceTree = "<group>"; };
		1E8AD7FD27B1C9F90041BBE5 /* NewsHeaderView.swift */ = {isa = PBXFileReference; lastKnownFileType = sourcecode.swift; path = NewsHeaderView.swift; sourceTree = "<group>"; };
		1E8AD7FF27B1D2320041BBE5 /* NewsStory.swift */ = {isa = PBXFileReference; lastKnownFileType = sourcecode.swift; path = NewsStory.swift; sourceTree = "<group>"; };
		1E8AD80127B1D8C60041BBE5 /* NewsStoryTableViewCell.swift */ = {isa = PBXFileReference; lastKnownFileType = sourcecode.swift; path = NewsStoryTableViewCell.swift; sourceTree = "<group>"; };
		1EC6585627B5D97A00B1C09F /* FinancialMetricsResponse.swift */ = {isa = PBXFileReference; lastKnownFileType = sourcecode.swift; path = FinancialMetricsResponse.swift; sourceTree = "<group>"; };
		1EC6585827B5DC5000B1C09F /* StockDetailHeaderView.swift */ = {isa = PBXFileReference; lastKnownFileType = sourcecode.swift; path = StockDetailHeaderView.swift; sourceTree = "<group>"; };
		1EC6585A27B615B000B1C09F /* MetricCollectionViewCell.swift */ = {isa = PBXFileReference; lastKnownFileType = sourcecode.swift; path = MetricCollectionViewCell.swift; sourceTree = "<group>"; };
		1ED5E24127B3641500413F51 /* MarketDataResponse.swift */ = {isa = PBXFileReference; lastKnownFileType = sourcecode.swift; path = MarketDataResponse.swift; sourceTree = "<group>"; };
		1ED5E24327B36AE500413F51 /* WatchListTableViewCell.swift */ = {isa = PBXFileReference; lastKnownFileType = sourcecode.swift; path = WatchListTableViewCell.swift; sourceTree = "<group>"; };
		1ED5E24527B36C6A00413F51 /* StockChartView.swift */ = {isa = PBXFileReference; lastKnownFileType = sourcecode.swift; path = StockChartView.swift; sourceTree = "<group>"; };
		1EF86B1F27B9C88000A40562 /* StockIntheMiddleTests.xctest */ = {isa = PBXFileReference; explicitFileType = wrapper.cfbundle; includeInIndex = 0; path = StockIntheMiddleTests.xctest; sourceTree = BUILT_PRODUCTS_DIR; };
		1EF86B2127B9C88000A40562 /* StockIntheMiddleTests.swift */ = {isa = PBXFileReference; lastKnownFileType = sourcecode.swift; path = StockIntheMiddleTests.swift; sourceTree = "<group>"; };
		271F404987710F760AB39E47 /* Pods-StockIntheMiddle.release.xcconfig */ = {isa = PBXFileReference; includeInIndex = 1; lastKnownFileType = text.xcconfig; name = "Pods-StockIntheMiddle.release.xcconfig"; path = "Target Support Files/Pods-StockIntheMiddle/Pods-StockIntheMiddle.release.xcconfig"; sourceTree = "<group>"; };
		512AE250B396CFCF156B90D6 /* Pods-StockIntheMiddle.debug.xcconfig */ = {isa = PBXFileReference; includeInIndex = 1; lastKnownFileType = text.xcconfig; name = "Pods-StockIntheMiddle.debug.xcconfig"; path = "Target Support Files/Pods-StockIntheMiddle/Pods-StockIntheMiddle.debug.xcconfig"; sourceTree = "<group>"; };
		6E5D3C5BBFC10EB666A2BE29 /* Pods_StockIntheMiddle.framework */ = {isa = PBXFileReference; explicitFileType = wrapper.framework; includeInIndex = 0; path = Pods_StockIntheMiddle.framework; sourceTree = BUILT_PRODUCTS_DIR; };
/* End PBXFileReference section */

/* Begin PBXFrameworksBuildPhase section */
		1E7A215127AEBB56008D1C05 /* Frameworks */ = {
			isa = PBXFrameworksBuildPhase;
			buildActionMask = 2147483647;
			files = (
				C329CA883EA94C2D3F3B3BE1 /* Pods_StockIntheMiddle.framework in Frameworks */,
			);
			runOnlyForDeploymentPostprocessing = 0;
		};
		1EF86B1C27B9C88000A40562 /* Frameworks */ = {
			isa = PBXFrameworksBuildPhase;
			buildActionMask = 2147483647;
			files = (
			);
			runOnlyForDeploymentPostprocessing = 0;
		};
/* End PBXFrameworksBuildPhase section */

/* Begin PBXGroup section */
		1E7A214B27AEBB56008D1C05 = {
			isa = PBXGroup;
			children = (
				1E7A215627AEBB56008D1C05 /* StockIntheMiddle */,
				1EF86B2027B9C88000A40562 /* StockIntheMiddleTests */,
				1E7A215527AEBB56008D1C05 /* Products */,
				7828240F7D267B5D37B6E642 /* Pods */,
				7CFC5422DA61EEDD87DBEDBF /* Frameworks */,
			);
			sourceTree = "<group>";
		};
		1E7A215527AEBB56008D1C05 /* Products */ = {
			isa = PBXGroup;
			children = (
				1E7A215427AEBB56008D1C05 /* StockIntheMiddle.app */,
				1EF86B1F27B9C88000A40562 /* StockIntheMiddleTests.xctest */,
			);
			name = Products;
			sourceTree = "<group>";
		};
		1E7A215627AEBB56008D1C05 /* StockIntheMiddle */ = {
			isa = PBXGroup;
			children = (
				1E7A216F27AEBC11008D1C05 /* Other */,
				1E7A216E27AEBC0A008D1C05 /* Managers */,
				1E7A216D27AEBC01008D1C05 /* Controllers */,
				1E7A216C27AEBBFB008D1C05 /* Views */,
				1E7A216B27AEBBF4008D1C05 /* Models */,
				1E7A216527AEBB58008D1C05 /* Info.plist */,
			);
			path = StockIntheMiddle;
			sourceTree = "<group>";
		};
		1E7A216B27AEBBF4008D1C05 /* Models */ = {
			isa = PBXGroup;
			children = (
				1E8AD7F927B1BA0E0041BBE5 /* SearchResponse.swift */,
				1E8AD7FF27B1D2320041BBE5 /* NewsStory.swift */,
				1ED5E24127B3641500413F51 /* MarketDataResponse.swift */,
				1EC6585627B5D97A00B1C09F /* FinancialMetricsResponse.swift */,
			);
			path = Models;
			sourceTree = "<group>";
		};
		1E7A216C27AEBBFB008D1C05 /* Views */ = {
			isa = PBXGroup;
			children = (
				1E7A216227AEBB58008D1C05 /* LaunchScreen.storyboard */,
				1E75BCCE27B08ED7009CC6D4 /* SearchResultTableViewCell.swift */,
				1E8AD7FD27B1C9F90041BBE5 /* NewsHeaderView.swift */,
				1E8AD80127B1D8C60041BBE5 /* NewsStoryTableViewCell.swift */,
				1ED5E24327B36AE500413F51 /* WatchListTableViewCell.swift */,
				1ED5E24527B36C6A00413F51 /* StockChartView.swift */,
				1EC6585827B5DC5000B1C09F /* StockDetailHeaderView.swift */,
				1EC6585A27B615B000B1C09F /* MetricCollectionViewCell.swift */,
			);
			path = Views;
			sourceTree = "<group>";
		};
		1E7A216D27AEBC01008D1C05 /* Controllers */ = {
			isa = PBXGroup;
			children = (
				1E335EE427BD339800C4BC2F /* MainTabBarViewController.swift */,
				1E7A215B27AEBB56008D1C05 /* WatchListViewController.swift */,
				1E75BCC027B08015009CC6D4 /* NewsViewController.swift */,
				1E75BCC227B08027009CC6D4 /* SearchResultsViewController.swift */,
				1E75BCC427B08040009CC6D4 /* StockDetailsViewController.swift */,
				1E335EE627BD33DA00C4BC2F /* SettingsViewController.swift */,
			);
			path = Controllers;
			sourceTree = "<group>";
		};
		1E7A216E27AEBC0A008D1C05 /* Managers */ = {
			isa = PBXGroup;
			children = (
				1E75BCC627B081B7009CC6D4 /* APICaller.swift */,
				1E75BCC827B081C3009CC6D4 /* PersistenceManager.swift */,
				1E75BCCA27B081CE009CC6D4 /* HapticsManager.swift */,
			);
			path = Managers;
			sourceTree = "<group>";
		};
		1E7A216F27AEBC11008D1C05 /* Other */ = {
			isa = PBXGroup;
			children = (
				1E7A216027AEBB58008D1C05 /* Assets.xcassets */,
				1E7A215727AEBB56008D1C05 /* AppDelegate.swift */,
				1E7A215927AEBB56008D1C05 /* SceneDelegate.swift */,
				1E75BCCC27B08A8B009CC6D4 /* Extensions.swift */,
			);
			path = Other;
			sourceTree = "<group>";
		};
		1EF86B2027B9C88000A40562 /* StockIntheMiddleTests */ = {
			isa = PBXGroup;
			children = (
				1EF86B2127B9C88000A40562 /* StockIntheMiddleTests.swift */,
			);
			path = StockIntheMiddleTests;
			sourceTree = "<group>";
		};
		7828240F7D267B5D37B6E642 /* Pods */ = {
			isa = PBXGroup;
			children = (
				512AE250B396CFCF156B90D6 /* Pods-StockIntheMiddle.debug.xcconfig */,
				271F404987710F760AB39E47 /* Pods-StockIntheMiddle.release.xcconfig */,
			);
			path = Pods;
			sourceTree = "<group>";
		};
		7CFC5422DA61EEDD87DBEDBF /* Frameworks */ = {
			isa = PBXGroup;
			children = (
				6E5D3C5BBFC10EB666A2BE29 /* Pods_StockIntheMiddle.framework */,
			);
			name = Frameworks;
			sourceTree = "<group>";
		};
/* End PBXGroup section */

/* Begin PBXNativeTarget section */
		1E7A215327AEBB56008D1C05 /* StockIntheMiddle */ = {
			isa = PBXNativeTarget;
			buildConfigurationList = 1E7A216827AEBB58008D1C05 /* Build configuration list for PBXNativeTarget "StockIntheMiddle" */;
			buildPhases = (
				A08F2E59595A127CBDD1CF8D /* [CP] Check Pods Manifest.lock */,
				1E7A215027AEBB56008D1C05 /* Sources */,
				1E7A215127AEBB56008D1C05 /* Frameworks */,
				1E7A215227AEBB56008D1C05 /* Resources */,
				B420DCDB82A91F3DB3551FD3 /* [CP] Embed Pods Frameworks */,
			);
			buildRules = (
			);
			dependencies = (
			);
			name = StockIntheMiddle;
			productName = StockIntheMiddle;
			productReference = 1E7A215427AEBB56008D1C05 /* StockIntheMiddle.app */;
			productType = "com.apple.product-type.application";
		};
		1EF86B1E27B9C88000A40562 /* StockIntheMiddleTests */ = {
			isa = PBXNativeTarget;
			buildConfigurationList = 1EF86B2527B9C88000A40562 /* Build configuration list for PBXNativeTarget "StockIntheMiddleTests" */;
			buildPhases = (
				1EF86B1B27B9C88000A40562 /* Sources */,
				1EF86B1C27B9C88000A40562 /* Frameworks */,
				1EF86B1D27B9C88000A40562 /* Resources */,
			);
			buildRules = (
			);
			dependencies = (
				1EF86B2427B9C88000A40562 /* PBXTargetDependency */,
			);
			name = StockIntheMiddleTests;
			productName = StockIntheMiddleTests;
			productReference = 1EF86B1F27B9C88000A40562 /* StockIntheMiddleTests.xctest */;
			productType = "com.apple.product-type.bundle.unit-test";
		};
/* End PBXNativeTarget section */

/* Begin PBXProject section */
		1E7A214C27AEBB56008D1C05 /* Project object */ = {
			isa = PBXProject;
			attributes = {
				BuildIndependentTargetsInParallel = 1;
				LastSwiftUpdateCheck = 1320;
				LastUpgradeCheck = 1320;
				TargetAttributes = {
					1E7A215327AEBB56008D1C05 = {
						CreatedOnToolsVersion = 13.2.1;
					};
					1EF86B1E27B9C88000A40562 = {
						CreatedOnToolsVersion = 13.2.1;
						TestTargetID = 1E7A215327AEBB56008D1C05;
					};
				};
			};
			buildConfigurationList = 1E7A214F27AEBB56008D1C05 /* Build configuration list for PBXProject "Stock in the Middle" */;
			compatibilityVersion = "Xcode 13.0";
			developmentRegion = en;
			hasScannedForEncodings = 0;
			knownRegions = (
				en,
				Base,
			);
			mainGroup = 1E7A214B27AEBB56008D1C05;
			productRefGroup = 1E7A215527AEBB56008D1C05 /* Products */;
			projectDirPath = "";
			projectRoot = "";
			targets = (
				1E7A215327AEBB56008D1C05 /* StockIntheMiddle */,
				1EF86B1E27B9C88000A40562 /* StockIntheMiddleTests */,
			);
		};
/* End PBXProject section */

/* Begin PBXResourcesBuildPhase section */
		1E7A215227AEBB56008D1C05 /* Resources */ = {
			isa = PBXResourcesBuildPhase;
			buildActionMask = 2147483647;
			files = (
				1E7A216427AEBB58008D1C05 /* LaunchScreen.storyboard in Resources */,
				1E7A216127AEBB58008D1C05 /* Assets.xcassets in Resources */,
			);
			runOnlyForDeploymentPostprocessing = 0;
		};
		1EF86B1D27B9C88000A40562 /* Resources */ = {
			isa = PBXResourcesBuildPhase;
			buildActionMask = 2147483647;
			files = (
			);
			runOnlyForDeploymentPostprocessing = 0;
		};
/* End PBXResourcesBuildPhase section */

/* Begin PBXShellScriptBuildPhase section */
		A08F2E59595A127CBDD1CF8D /* [CP] Check Pods Manifest.lock */ = {
			isa = PBXShellScriptBuildPhase;
			buildActionMask = 2147483647;
			files = (
			);
			inputFileListPaths = (
			);
			inputPaths = (
				"${PODS_PODFILE_DIR_PATH}/Podfile.lock",
				"${PODS_ROOT}/Manifest.lock",
			);
			name = "[CP] Check Pods Manifest.lock";
			outputFileListPaths = (
			);
			outputPaths = (
				"$(DERIVED_FILE_DIR)/Pods-StockIntheMiddle-checkManifestLockResult.txt",
			);
			runOnlyForDeploymentPostprocessing = 0;
			shellPath = /bin/sh;
			shellScript = "diff \"${PODS_PODFILE_DIR_PATH}/Podfile.lock\" \"${PODS_ROOT}/Manifest.lock\" > /dev/null\nif [ $? != 0 ] ; then\n    # print error to STDERR\n    echo \"error: The sandbox is not in sync with the Podfile.lock. Run 'pod install' or update your CocoaPods installation.\" >&2\n    exit 1\nfi\n# This output is used by Xcode 'outputs' to avoid re-running this script phase.\necho \"SUCCESS\" > \"${SCRIPT_OUTPUT_FILE_0}\"\n";
			showEnvVarsInLog = 0;
		};
		B420DCDB82A91F3DB3551FD3 /* [CP] Embed Pods Frameworks */ = {
			isa = PBXShellScriptBuildPhase;
			buildActionMask = 2147483647;
			files = (
			);
			inputFileListPaths = (
				"${PODS_ROOT}/Target Support Files/Pods-StockIntheMiddle/Pods-StockIntheMiddle-frameworks-${CONFIGURATION}-input-files.xcfilelist",
			);
			name = "[CP] Embed Pods Frameworks";
			outputFileListPaths = (
				"${PODS_ROOT}/Target Support Files/Pods-StockIntheMiddle/Pods-StockIntheMiddle-frameworks-${CONFIGURATION}-output-files.xcfilelist",
			);
			runOnlyForDeploymentPostprocessing = 0;
			shellPath = /bin/sh;
			shellScript = "\"${PODS_ROOT}/Target Support Files/Pods-StockIntheMiddle/Pods-StockIntheMiddle-frameworks.sh\"\n";
			showEnvVarsInLog = 0;
		};
/* End PBXShellScriptBuildPhase section */

/* Begin PBXSourcesBuildPhase section */
		1E7A215027AEBB56008D1C05 /* Sources */ = {
			isa = PBXSourcesBuildPhase;
			buildActionMask = 2147483647;
			files = (
				1ED5E24227B3641500413F51 /* MarketDataResponse.swift in Sources */,
				1E75BCCB27B081CE009CC6D4 /* HapticsManager.swift in Sources */,
				1EC6585B27B615B000B1C09F /* MetricCollectionViewCell.swift in Sources */,
				1E335EE527BD339800C4BC2F /* MainTabBarViewController.swift in Sources */,
				1E75BCCF27B08ED7009CC6D4 /* SearchResultTableViewCell.swift in Sources */,
				1E75BCC527B08040009CC6D4 /* StockDetailsViewController.swift in Sources */,
				1E7A215C27AEBB56008D1C05 /* WatchListViewController.swift in Sources */,
				1EC6585727B5D97A00B1C09F /* FinancialMetricsResponse.swift in Sources */,
				1E75BCC127B08015009CC6D4 /* NewsViewController.swift in Sources */,
				1E75BCC927B081C3009CC6D4 /* PersistenceManager.swift in Sources */,
				1E8AD80027B1D2320041BBE5 /* NewsStory.swift in Sources */,
				1E75BCCD27B08A8B009CC6D4 /* Extensions.swift in Sources */,
				1E8AD80227B1D8C60041BBE5 /* NewsStoryTableViewCell.swift in Sources */,
				1ED5E24627B36C6A00413F51 /* StockChartView.swift in Sources */,
				1E75BCC727B081B7009CC6D4 /* APICaller.swift in Sources */,
				1E335EE727BD33DA00C4BC2F /* SettingsViewController.swift in Sources */,
				1E8AD7FA27B1BA0E0041BBE5 /* SearchResponse.swift in Sources */,
				1E8AD7FE27B1C9F90041BBE5 /* NewsHeaderView.swift in Sources */,
				1E7A215827AEBB56008D1C05 /* AppDelegate.swift in Sources */,
				1E7A215A27AEBB56008D1C05 /* SceneDelegate.swift in Sources */,
				1EC6585927B5DC5000B1C09F /* StockDetailHeaderView.swift in Sources */,
				1ED5E24427B36AE500413F51 /* WatchListTableViewCell.swift in Sources */,
				1E75BCC327B08027009CC6D4 /* SearchResultsViewController.swift in Sources */,
			);
			runOnlyForDeploymentPostprocessing = 0;
		};
		1EF86B1B27B9C88000A40562 /* Sources */ = {
			isa = PBXSourcesBuildPhase;
			buildActionMask = 2147483647;
			files = (
				1EF86B2227B9C88000A40562 /* StockIntheMiddleTests.swift in Sources */,
			);
			runOnlyForDeploymentPostprocessing = 0;
		};
/* End PBXSourcesBuildPhase section */

/* Begin PBXTargetDependency section */
		1EF86B2427B9C88000A40562 /* PBXTargetDependency */ = {
			isa = PBXTargetDependency;
			target = 1E7A215327AEBB56008D1C05 /* StockIntheMiddle */;
			targetProxy = 1EF86B2327B9C88000A40562 /* PBXContainerItemProxy */;
		};
/* End PBXTargetDependency section */

/* Begin PBXVariantGroup section */
		1E7A216227AEBB58008D1C05 /* LaunchScreen.storyboard */ = {
			isa = PBXVariantGroup;
			children = (
				1E7A216327AEBB58008D1C05 /* Base */,
			);
			name = LaunchScreen.storyboard;
			sourceTree = "<group>";
		};
/* End PBXVariantGroup section */

/* Begin XCBuildConfiguration section */
		1E7A216627AEBB58008D1C05 /* Debug */ = {
			isa = XCBuildConfiguration;
			buildSettings = {
				ALWAYS_SEARCH_USER_PATHS = NO;
				CLANG_ANALYZER_NONNULL = YES;
				CLANG_ANALYZER_NUMBER_OBJECT_CONVERSION = YES_AGGRESSIVE;
				CLANG_CXX_LANGUAGE_STANDARD = "gnu++17";
				CLANG_CXX_LIBRARY = "libc++";
				CLANG_ENABLE_MODULES = YES;
				CLANG_ENABLE_OBJC_ARC = YES;
				CLANG_ENABLE_OBJC_WEAK = YES;
				CLANG_WARN_BLOCK_CAPTURE_AUTORELEASING = YES;
				CLANG_WARN_BOOL_CONVERSION = YES;
				CLANG_WARN_COMMA = YES;
				CLANG_WARN_CONSTANT_CONVERSION = YES;
				CLANG_WARN_DEPRECATED_OBJC_IMPLEMENTATIONS = YES;
				CLANG_WARN_DIRECT_OBJC_ISA_USAGE = YES_ERROR;
				CLANG_WARN_DOCUMENTATION_COMMENTS = YES;
				CLANG_WARN_EMPTY_BODY = YES;
				CLANG_WARN_ENUM_CONVERSION = YES;
				CLANG_WARN_INFINITE_RECURSION = YES;
				CLANG_WARN_INT_CONVERSION = YES;
				CLANG_WARN_NON_LITERAL_NULL_CONVERSION = YES;
				CLANG_WARN_OBJC_IMPLICIT_RETAIN_SELF = YES;
				CLANG_WARN_OBJC_LITERAL_CONVERSION = YES;
				CLANG_WARN_OBJC_ROOT_CLASS = YES_ERROR;
				CLANG_WARN_QUOTED_INCLUDE_IN_FRAMEWORK_HEADER = YES;
				CLANG_WARN_RANGE_LOOP_ANALYSIS = YES;
				CLANG_WARN_STRICT_PROTOTYPES = YES;
				CLANG_WARN_SUSPICIOUS_MOVE = YES;
				CLANG_WARN_UNGUARDED_AVAILABILITY = YES_AGGRESSIVE;
				CLANG_WARN_UNREACHABLE_CODE = YES;
				CLANG_WARN__DUPLICATE_METHOD_MATCH = YES;
				COPY_PHASE_STRIP = NO;
				DEBUG_INFORMATION_FORMAT = dwarf;
				ENABLE_STRICT_OBJC_MSGSEND = YES;
				ENABLE_TESTABILITY = YES;
				GCC_C_LANGUAGE_STANDARD = gnu11;
				GCC_DYNAMIC_NO_PIC = NO;
				GCC_NO_COMMON_BLOCKS = YES;
				GCC_OPTIMIZATION_LEVEL = 0;
				GCC_PREPROCESSOR_DEFINITIONS = (
					"DEBUG=1",
					"$(inherited)",
				);
				GCC_WARN_64_TO_32_BIT_CONVERSION = YES;
				GCC_WARN_ABOUT_RETURN_TYPE = YES_ERROR;
				GCC_WARN_UNDECLARED_SELECTOR = YES;
				GCC_WARN_UNINITIALIZED_AUTOS = YES_AGGRESSIVE;
				GCC_WARN_UNUSED_FUNCTION = YES;
				GCC_WARN_UNUSED_VARIABLE = YES;
				IPHONEOS_DEPLOYMENT_TARGET = 13.0;
				MTL_ENABLE_DEBUG_INFO = INCLUDE_SOURCE;
				MTL_FAST_MATH = YES;
				ONLY_ACTIVE_ARCH = YES;
				SDKROOT = iphoneos;
				SWIFT_ACTIVE_COMPILATION_CONDITIONS = DEBUG;
				SWIFT_OPTIMIZATION_LEVEL = "-Onone";
			};
			name = Debug;
		};
		1E7A216727AEBB58008D1C05 /* Release */ = {
			isa = XCBuildConfiguration;
			buildSettings = {
				ALWAYS_SEARCH_USER_PATHS = NO;
				CLANG_ANALYZER_NONNULL = YES;
				CLANG_ANALYZER_NUMBER_OBJECT_CONVERSION = YES_AGGRESSIVE;
				CLANG_CXX_LANGUAGE_STANDARD = "gnu++17";
				CLANG_CXX_LIBRARY = "libc++";
				CLANG_ENABLE_MODULES = YES;
				CLANG_ENABLE_OBJC_ARC = YES;
				CLANG_ENABLE_OBJC_WEAK = YES;
				CLANG_WARN_BLOCK_CAPTURE_AUTORELEASING = YES;
				CLANG_WARN_BOOL_CONVERSION = YES;
				CLANG_WARN_COMMA = YES;
				CLANG_WARN_CONSTANT_CONVERSION = YES;
				CLANG_WARN_DEPRECATED_OBJC_IMPLEMENTATIONS = YES;
				CLANG_WARN_DIRECT_OBJC_ISA_USAGE = YES_ERROR;
				CLANG_WARN_DOCUMENTATION_COMMENTS = YES;
				CLANG_WARN_EMPTY_BODY = YES;
				CLANG_WARN_ENUM_CONVERSION = YES;
				CLANG_WARN_INFINITE_RECURSION = YES;
				CLANG_WARN_INT_CONVERSION = YES;
				CLANG_WARN_NON_LITERAL_NULL_CONVERSION = YES;
				CLANG_WARN_OBJC_IMPLICIT_RETAIN_SELF = YES;
				CLANG_WARN_OBJC_LITERAL_CONVERSION = YES;
				CLANG_WARN_OBJC_ROOT_CLASS = YES_ERROR;
				CLANG_WARN_QUOTED_INCLUDE_IN_FRAMEWORK_HEADER = YES;
				CLANG_WARN_RANGE_LOOP_ANALYSIS = YES;
				CLANG_WARN_STRICT_PROTOTYPES = YES;
				CLANG_WARN_SUSPICIOUS_MOVE = YES;
				CLANG_WARN_UNGUARDED_AVAILABILITY = YES_AGGRESSIVE;
				CLANG_WARN_UNREACHABLE_CODE = YES;
				CLANG_WARN__DUPLICATE_METHOD_MATCH = YES;
				COPY_PHASE_STRIP = NO;
				DEBUG_INFORMATION_FORMAT = "dwarf-with-dsym";
				ENABLE_NS_ASSERTIONS = NO;
				ENABLE_STRICT_OBJC_MSGSEND = YES;
				GCC_C_LANGUAGE_STANDARD = gnu11;
				GCC_NO_COMMON_BLOCKS = YES;
				GCC_WARN_64_TO_32_BIT_CONVERSION = YES;
				GCC_WARN_ABOUT_RETURN_TYPE = YES_ERROR;
				GCC_WARN_UNDECLARED_SELECTOR = YES;
				GCC_WARN_UNINITIALIZED_AUTOS = YES_AGGRESSIVE;
				GCC_WARN_UNUSED_FUNCTION = YES;
				GCC_WARN_UNUSED_VARIABLE = YES;
				IPHONEOS_DEPLOYMENT_TARGET = 13.0;
				MTL_ENABLE_DEBUG_INFO = NO;
				MTL_FAST_MATH = YES;
				SDKROOT = iphoneos;
				SWIFT_COMPILATION_MODE = wholemodule;
				SWIFT_OPTIMIZATION_LEVEL = "-O";
				VALIDATE_PRODUCT = YES;
			};
			name = Release;
		};
		1E7A216927AEBB58008D1C05 /* Debug */ = {
			isa = XCBuildConfiguration;
			baseConfigurationReference = 512AE250B396CFCF156B90D6 /* Pods-StockIntheMiddle.debug.xcconfig */;
			buildSettings = {
				ASSETCATALOG_COMPILER_APPICON_NAME = AppIcon;
				ASSETCATALOG_COMPILER_GLOBAL_ACCENT_COLOR_NAME = AccentColor;
				CODE_SIGN_STYLE = Automatic;
				CURRENT_PROJECT_VERSION = 1;
				DEVELOPMENT_TEAM = 4FTFKXF8N5;
				GENERATE_INFOPLIST_FILE = YES;
				INFOPLIST_FILE = StockIntheMiddle/Info.plist;
				INFOPLIST_KEY_CFBundleDisplayName = "Stock in the Middle";
				INFOPLIST_KEY_UIApplicationSupportsIndirectInputEvents = YES;
				INFOPLIST_KEY_UILaunchStoryboardName = LaunchScreen;
				INFOPLIST_KEY_UISupportedInterfaceOrientations = UIInterfaceOrientationPortrait;
				INFOPLIST_KEY_UISupportedInterfaceOrientations_iPad = "UIInterfaceOrientationPortrait UIInterfaceOrientationPortraitUpsideDown UIInterfaceOrientationLandscapeLeft UIInterfaceOrientationLandscapeRight";
				INFOPLIST_KEY_UISupportedInterfaceOrientations_iPhone = "UIInterfaceOrientationPortrait UIInterfaceOrientationLandscapeLeft UIInterfaceOrientationLandscapeRight";
				IPHONEOS_DEPLOYMENT_TARGET = 13.0;
				LD_RUNPATH_SEARCH_PATHS = (
					"$(inherited)",
					"@executable_path/Frameworks",
				);
				MARKETING_VERSION = 1.0;
				PRODUCT_BUNDLE_IDENTIFIER = com.jeongminkim.StockIntheMiddle;
				PRODUCT_NAME = "$(TARGET_NAME)";
				SWIFT_EMIT_LOC_STRINGS = YES;
				SWIFT_VERSION = 5.0;
				TARGETED_DEVICE_FAMILY = 1;
			};
			name = Debug;
		};
		1E7A216A27AEBB58008D1C05 /* Release */ = {
			isa = XCBuildConfiguration;
			baseConfigurationReference = 271F404987710F760AB39E47 /* Pods-StockIntheMiddle.release.xcconfig */;
			buildSettings = {
				ASSETCATALOG_COMPILER_APPICON_NAME = AppIcon;
				ASSETCATALOG_COMPILER_GLOBAL_ACCENT_COLOR_NAME = AccentColor;
				CODE_SIGN_STYLE = Automatic;
				CURRENT_PROJECT_VERSION = 1;
				DEVELOPMENT_TEAM = 4FTFKXF8N5;
				GENERATE_INFOPLIST_FILE = YES;
				INFOPLIST_FILE = StockIntheMiddle/Info.plist;
				INFOPLIST_KEY_CFBundleDisplayName = "Stock in the Middle";
				INFOPLIST_KEY_UIApplicationSupportsIndirectInputEvents = YES;
				INFOPLIST_KEY_UILaunchStoryboardName = LaunchScreen;
				INFOPLIST_KEY_UISupportedInterfaceOrientations = UIInterfaceOrientationPortrait;
				INFOPLIST_KEY_UISupportedInterfaceOrientations_iPad = "UIInterfaceOrientationPortrait UIInterfaceOrientationPortraitUpsideDown UIInterfaceOrientationLandscapeLeft UIInterfaceOrientationLandscapeRight";
				INFOPLIST_KEY_UISupportedInterfaceOrientations_iPhone = "UIInterfaceOrientationPortrait UIInterfaceOrientationLandscapeLeft UIInterfaceOrientationLandscapeRight";
				IPHONEOS_DEPLOYMENT_TARGET = 13.0;
				LD_RUNPATH_SEARCH_PATHS = (
					"$(inherited)",
					"@executable_path/Frameworks",
				);
				MARKETING_VERSION = 1.0;
				PRODUCT_BUNDLE_IDENTIFIER = com.jeongminkim.StockIntheMiddle;
				PRODUCT_NAME = "$(TARGET_NAME)";
				SWIFT_EMIT_LOC_STRINGS = YES;
				SWIFT_VERSION = 5.0;
				TARGETED_DEVICE_FAMILY = 1;
			};
			name = Release;
		};
		1EF86B2627B9C88000A40562 /* Debug */ = {
			isa = XCBuildConfiguration;
			buildSettings = {
				BUNDLE_LOADER = "$(TEST_HOST)";
				CODE_SIGN_STYLE = Automatic;
				CURRENT_PROJECT_VERSION = 1;
				DEVELOPMENT_TEAM = 4FTFKXF8N5;
				GENERATE_INFOPLIST_FILE = YES;
				MARKETING_VERSION = 1.0;
				PRODUCT_BUNDLE_IDENTIFIER = com.jeongminkim.StockIntheMiddleTests;
				PRODUCT_NAME = "$(TARGET_NAME)";
				SWIFT_EMIT_LOC_STRINGS = NO;
				SWIFT_VERSION = 5.0;
				TARGETED_DEVICE_FAMILY = "1,2";
				TEST_HOST = "$(BUILT_PRODUCTS_DIR)/StockIntheMiddle.app/StockIntheMiddle";
			};
			name = Debug;
		};
		1EF86B2727B9C88000A40562 /* Release */ = {
			isa = XCBuildConfiguration;
			buildSettings = {
				BUNDLE_LOADER = "$(TEST_HOST)";
				CODE_SIGN_STYLE = Automatic;
				CURRENT_PROJECT_VERSION = 1;
				DEVELOPMENT_TEAM = 4FTFKXF8N5;
				GENERATE_INFOPLIST_FILE = YES;
				MARKETING_VERSION = 1.0;
				PRODUCT_BUNDLE_IDENTIFIER = com.jeongminkim.StockIntheMiddleTests;
				PRODUCT_NAME = "$(TARGET_NAME)";
				SWIFT_EMIT_LOC_STRINGS = NO;
				SWIFT_VERSION = 5.0;
				TARGETED_DEVICE_FAMILY = "1,2";
				TEST_HOST = "$(BUILT_PRODUCTS_DIR)/StockIntheMiddle.app/StockIntheMiddle";
			};
			name = Release;
		};
/* End XCBuildConfiguration section */

/* Begin XCConfigurationList section */
		1E7A214F27AEBB56008D1C05 /* Build configuration list for PBXProject "Stock in the Middle" */ = {
			isa = XCConfigurationList;
			buildConfigurations = (
				1E7A216627AEBB58008D1C05 /* Debug */,
				1E7A216727AEBB58008D1C05 /* Release */,
			);
			defaultConfigurationIsVisible = 0;
			defaultConfigurationName = Release;
		};
		1E7A216827AEBB58008D1C05 /* Build configuration list for PBXNativeTarget "StockIntheMiddle" */ = {
			isa = XCConfigurationList;
			buildConfigurations = (
				1E7A216927AEBB58008D1C05 /* Debug */,
				1E7A216A27AEBB58008D1C05 /* Release */,
			);
			defaultConfigurationIsVisible = 0;
			defaultConfigurationName = Release;
		};
		1EF86B2527B9C88000A40562 /* Build configuration list for PBXNativeTarget "StockIntheMiddleTests" */ = {
			isa = XCConfigurationList;
			buildConfigurations = (
				1EF86B2627B9C88000A40562 /* Debug */,
				1EF86B2727B9C88000A40562 /* Release */,
			);
			defaultConfigurationIsVisible = 0;
			defaultConfigurationName = Release;
		};
/* End XCConfigurationList section */
	};
	rootObject = 1E7A214C27AEBB56008D1C05 /* Project object */;
}
