// !$*UTF8*$!
{
	archiveVersion = 1;
	classes = {
	};
	objectVersion = 55;
	objects = {

/* Begin PBXBuildFile section */
		1E048FAE27E76CC3007633E0 /* NewsWebViewController.swift in Sources */ = {isa = PBXBuildFile; fileRef = 1E048FAD27E76CC3007633E0 /* NewsWebViewController.swift */; };
		1E335EE527BD339800C4BC2F /* MainTabBarViewController.swift in Sources */ = {isa = PBXBuildFile; fileRef = 1E335EE427BD339800C4BC2F /* MainTabBarViewController.swift */; };
		1E335EE727BD33DA00C4BC2F /* SettingsViewController.swift in Sources */ = {isa = PBXBuildFile; fileRef = 1E335EE627BD33DA00C4BC2F /* SettingsViewController.swift */; };
		1E75BCC127B08015009CC6D4 /* NewsViewController.swift in Sources */ = {isa = PBXBuildFile; fileRef = 1E75BCC027B08015009CC6D4 /* NewsViewController.swift */; };
		1E75BCC327B08027009CC6D4 /* SearchResultsViewController.swift in Sources */ = {isa = PBXBuildFile; fileRef = 1E75BCC227B08027009CC6D4 /* SearchResultsViewController.swift */; };
		1E75BCC527B08040009CC6D4 /* StockDetailsViewController.swift in Sources */ = {isa = PBXBuildFile; fileRef = 1E75BCC427B08040009CC6D4 /* StockDetailsViewController.swift */; };
		1E75BCC727B081B7009CC6D4 /* APICaller.swift in Sources */ = {isa = PBXBuildFile; fileRef = 1E75BCC627B081B7009CC6D4 /* APICaller.swift */; };
		1E75BCC927B081C3009CC6D4 /* PersistenceManager.swift in Sources */ = {isa = PBXBuildFile; fileRef = 1E75BCC827B081C3009CC6D4 /* PersistenceManager.swift */; };
		1E75BCCB27B081CE009CC6D4 /* HapticsManager.swift in Sources */ = {isa = PBXBuildFile; fileRef = 1E75BCCA27B081CE009CC6D4 /* HapticsManager.swift */; };
		1E75BCCF27B08ED7009CC6D4 /* SearchResultTableViewCell.swift in Sources */ = {isa = PBXBuildFile; fileRef = 1E75BCCE27B08ED7009CC6D4 /* SearchResultTableViewCell.swift */; };
		1E7A215827AEBB56008D1C05 /* AppDelegate.swift in Sources */ = {isa = PBXBuildFile; fileRef = 1E7A215727AEBB56008D1C05 /* AppDelegate.swift */; };
		1E7A215A27AEBB56008D1C05 /* SceneDelegate.swift in Sources */ = {isa = PBXBuildFile; fileRef = 1E7A215927AEBB56008D1C05 /* SceneDelegate.swift */; };
		1E7A215C27AEBB56008D1C05 /* WatchListViewController.swift in Sources */ = {isa = PBXBuildFile; fileRef = 1E7A215B27AEBB56008D1C05 /* WatchListViewController.swift */; };
		1E7A216127AEBB58008D1C05 /* Assets.xcassets in Resources */ = {isa = PBXBuildFile; fileRef = 1E7A216027AEBB58008D1C05 /* Assets.xcassets */; };
		1E7A216427AEBB58008D1C05 /* LaunchScreen.storyboard in Resources */ = {isa = PBXBuildFile; fileRef = 1E7A216227AEBB58008D1C05 /* LaunchScreen.storyboard */; };
		1E8AD7FA27B1BA0E0041BBE5 /* SearchResponse.swift in Sources */ = {isa = PBXBuildFile; fileRef = 1E8AD7F927B1BA0E0041BBE5 /* SearchResponse.swift */; };
		1E8AD7FE27B1C9F90041BBE5 /* NewsHeaderView.swift in Sources */ = {isa = PBXBuildFile; fileRef = 1E8AD7FD27B1C9F90041BBE5 /* NewsHeaderView.swift */; };
		1E8AD80027B1D2320041BBE5 /* NewsStory.swift in Sources */ = {isa = PBXBuildFile; fileRef = 1E8AD7FF27B1D2320041BBE5 /* NewsStory.swift */; };
		1E8AD80227B1D8C60041BBE5 /* NewsStoryTableViewCell.swift in Sources */ = {isa = PBXBuildFile; fileRef = 1E8AD80127B1D8C60041BBE5 /* NewsStoryTableViewCell.swift */; };
		1E9CF93D27C7782F00898828 /* UIAnimatable.swift in Sources */ = {isa = PBXBuildFile; fileRef = 1E9CF93C27C7782F00898828 /* UIAnimatable.swift */; };
		1E9CF93F27C7784900898828 /* CalcSearchResults.swift in Sources */ = {isa = PBXBuildFile; fileRef = 1E9CF93E27C7784900898828 /* CalcSearchResults.swift */; };
		1E9CF94127C7791300898828 /* TimeSeriesMonthlyAdjusted.swift in Sources */ = {isa = PBXBuildFile; fileRef = 1E9CF94027C7791300898828 /* TimeSeriesMonthlyAdjusted.swift */; };
		1E9CF94327C7793500898828 /* Asset.swift in Sources */ = {isa = PBXBuildFile; fileRef = 1E9CF94227C7793500898828 /* Asset.swift */; };
		1E9CF94527C7797100898828 /* APIService.swift in Sources */ = {isa = PBXBuildFile; fileRef = 1E9CF94427C7797100898828 /* APIService.swift */; };
		1E9CF94727C7799F00898828 /* DCAService.swift in Sources */ = {isa = PBXBuildFile; fileRef = 1E9CF94627C7799F00898828 /* DCAService.swift */; };
		1E9CF94927C779C400898828 /* CalculatorPresenter.swift in Sources */ = {isa = PBXBuildFile; fileRef = 1E9CF94827C779C400898828 /* CalculatorPresenter.swift */; };
		1E9CF94B27C77C5E00898828 /* SearchTableViewController.swift in Sources */ = {isa = PBXBuildFile; fileRef = 1E9CF94A27C77C5E00898828 /* SearchTableViewController.swift */; };
		1E9CF94D27C77C9900898828 /* CalculatorTableViewController.swift in Sources */ = {isa = PBXBuildFile; fileRef = 1E9CF94C27C77C9900898828 /* CalculatorTableViewController.swift */; };
		1E9CF94F27C77CBC00898828 /* DateSelectionTableViewController.swift in Sources */ = {isa = PBXBuildFile; fileRef = 1E9CF94E27C77CBC00898828 /* DateSelectionTableViewController.swift */; };
		1E9CF95127C77CD900898828 /* SearchTableViewCell.swift in Sources */ = {isa = PBXBuildFile; fileRef = 1E9CF95027C77CD900898828 /* SearchTableViewCell.swift */; };
		1E9CF95327C77CFB00898828 /* SearchPlaceholderView.swift in Sources */ = {isa = PBXBuildFile; fileRef = 1E9CF95227C77CFB00898828 /* SearchPlaceholderView.swift */; };
		1EC6585727B5D97A00B1C09F /* FinancialMetricsResponse.swift in Sources */ = {isa = PBXBuildFile; fileRef = 1EC6585627B5D97A00B1C09F /* FinancialMetricsResponse.swift */; };
		1EC6585927B5DC5000B1C09F /* StockDetailHeaderView.swift in Sources */ = {isa = PBXBuildFile; fileRef = 1EC6585827B5DC5000B1C09F /* StockDetailHeaderView.swift */; };
		1EC6585B27B615B000B1C09F /* MetricCollectionViewCell.swift in Sources */ = {isa = PBXBuildFile; fileRef = 1EC6585A27B615B000B1C09F /* MetricCollectionViewCell.swift */; };
		1ECCAC5D27C22EE0007A8ED2 /* SettingTableViewCell.swift in Sources */ = {isa = PBXBuildFile; fileRef = 1ECCAC5C27C22EE0007A8ED2 /* SettingTableViewCell.swift */; };
		1ECCAC5F27C22EFB007A8ED2 /* SwitchTableViewCell.swift in Sources */ = {isa = PBXBuildFile; fileRef = 1ECCAC5E27C22EFB007A8ED2 /* SwitchTableViewCell.swift */; };
		1ECCAC6127C232FF007A8ED2 /* ConfigManager.swift in Sources */ = {isa = PBXBuildFile; fileRef = 1ECCAC6027C232FF007A8ED2 /* ConfigManager.swift */; };
		1ECCAC6627C289B4007A8ED2 /* OpenSourceViewController.swift in Sources */ = {isa = PBXBuildFile; fileRef = 1ECCAC6527C289B4007A8ED2 /* OpenSourceViewController.swift */; };
		1ED5E24227B3641500413F51 /* MarketDataResponse.swift in Sources */ = {isa = PBXBuildFile; fileRef = 1ED5E24127B3641500413F51 /* MarketDataResponse.swift */; };
		1ED5E24427B36AE500413F51 /* WatchListTableViewCell.swift in Sources */ = {isa = PBXBuildFile; fileRef = 1ED5E24327B36AE500413F51 /* WatchListTableViewCell.swift */; };
		1ED5E24627B36C6A00413F51 /* StockChartView.swift in Sources */ = {isa = PBXBuildFile; fileRef = 1ED5E24527B36C6A00413F51 /* StockChartView.swift */; };
		1EFF83842A01ED2200EC60C8 /* StockIntheMiddleTests.swift in Sources */ = {isa = PBXBuildFile; fileRef = 1EFF83832A01ED2200EC60C8 /* StockIntheMiddleTests.swift */; };
		1EFF838C2A01F72600EC60C8 /* Notification+.swift in Sources */ = {isa = PBXBuildFile; fileRef = 1EFF838B2A01F72600EC60C8 /* Notification+.swift */; };
		1EFF838E2A01F74100EC60C8 /* NumberFormatter+.swift in Sources */ = {isa = PBXBuildFile; fileRef = 1EFF838D2A01F74100EC60C8 /* NumberFormatter+.swift */; };
		1EFF83902A01F75A00EC60C8 /* UIImageView+.swift in Sources */ = {isa = PBXBuildFile; fileRef = 1EFF838F2A01F75A00EC60C8 /* UIImageView+.swift */; };
		1EFF83922A01F7D200EC60C8 /* String+.swift in Sources */ = {isa = PBXBuildFile; fileRef = 1EFF83912A01F7D200EC60C8 /* String+.swift */; };
		1EFF83942A01F7E900EC60C8 /* DateFormatter+.swift in Sources */ = {isa = PBXBuildFile; fileRef = 1EFF83932A01F7E900EC60C8 /* DateFormatter+.swift */; };
		1EFF83962A01F7FD00EC60C8 /* UIView+.swift in Sources */ = {isa = PBXBuildFile; fileRef = 1EFF83952A01F7FD00EC60C8 /* UIView+.swift */; };
		1EFF83982A01F84600EC60C8 /* Array+.swift in Sources */ = {isa = PBXBuildFile; fileRef = 1EFF83972A01F84600EC60C8 /* Array+.swift */; };
		1EFF839A2A01F85A00EC60C8 /* UIColor+.swift in Sources */ = {isa = PBXBuildFile; fileRef = 1EFF83992A01F85A00EC60C8 /* UIColor+.swift */; };
		1EFF839C2A01F87100EC60C8 /* Double+.swift in Sources */ = {isa = PBXBuildFile; fileRef = 1EFF839B2A01F87100EC60C8 /* Double+.swift */; };
		1EFF839E2A01F88500EC60C8 /* Int+.swift in Sources */ = {isa = PBXBuildFile; fileRef = 1EFF839D2A01F88500EC60C8 /* Int+.swift */; };
		1EFF83A02A01F89400EC60C8 /* Date+.swift in Sources */ = {isa = PBXBuildFile; fileRef = 1EFF839F2A01F89400EC60C8 /* Date+.swift */; };
		1EFF83A22A01F8AB00EC60C8 /* UITextField+.swift in Sources */ = {isa = PBXBuildFile; fileRef = 1EFF83A12A01F8AB00EC60C8 /* UITextField+.swift */; };
		1EFF83A42A0227F700EC60C8 /* UIViewController+.swift in Sources */ = {isa = PBXBuildFile; fileRef = 1EFF83A32A0227F700EC60C8 /* UIViewController+.swift */; };
		C329CA883EA94C2D3F3B3BE1 /* Pods_StockIntheMiddle.framework in Frameworks */ = {isa = PBXBuildFile; fileRef = 6E5D3C5BBFC10EB666A2BE29 /* Pods_StockIntheMiddle.framework */; };
/* End PBXBuildFile section */

/* Begin PBXContainerItemProxy section */
		1EFF83852A01ED2200EC60C8 /* PBXContainerItemProxy */ = {
			isa = PBXContainerItemProxy;
			containerPortal = 1E7A214C27AEBB56008D1C05 /* Project object */;
			proxyType = 1;
			remoteGlobalIDString = 1E7A215327AEBB56008D1C05;
			remoteInfo = StockIntheMiddle;
		};
/* End PBXContainerItemProxy section */

/* Begin PBXFileReference section */
		1E048FAD27E76CC3007633E0 /* NewsWebViewController.swift */ = {isa = PBXFileReference; lastKnownFileType = sourcecode.swift; path = NewsWebViewController.swift; sourceTree = "<group>"; };
		1E335EE427BD339800C4BC2F /* MainTabBarViewController.swift */ = {isa = PBXFileReference; lastKnownFileType = sourcecode.swift; path = MainTabBarViewController.swift; sourceTree = "<group>"; };
		1E335EE627BD33DA00C4BC2F /* SettingsViewController.swift */ = {isa = PBXFileReference; lastKnownFileType = sourcecode.swift; path = SettingsViewController.swift; sourceTree = "<group>"; };
		1E3682C827E2C11C0059E6DD /* .swiftlint.yml */ = {isa = PBXFileReference; lastKnownFileType = text.yaml; path = .swiftlint.yml; sourceTree = "<group>"; };
		1E75BCC027B08015009CC6D4 /* NewsViewController.swift */ = {isa = PBXFileReference; lastKnownFileType = sourcecode.swift; path = NewsViewController.swift; sourceTree = "<group>"; };
		1E75BCC227B08027009CC6D4 /* SearchResultsViewController.swift */ = {isa = PBXFileReference; lastKnownFileType = sourcecode.swift; path = SearchResultsViewController.swift; sourceTree = "<group>"; };
		1E75BCC427B08040009CC6D4 /* StockDetailsViewController.swift */ = {isa = PBXFileReference; lastKnownFileType = sourcecode.swift; path = StockDetailsViewController.swift; sourceTree = "<group>"; };
		1E75BCC627B081B7009CC6D4 /* APICaller.swift */ = {isa = PBXFileReference; lastKnownFileType = sourcecode.swift; path = APICaller.swift; sourceTree = "<group>"; };
		1E75BCC827B081C3009CC6D4 /* PersistenceManager.swift */ = {isa = PBXFileReference; lastKnownFileType = sourcecode.swift; path = PersistenceManager.swift; sourceTree = "<group>"; };
		1E75BCCA27B081CE009CC6D4 /* HapticsManager.swift */ = {isa = PBXFileReference; lastKnownFileType = sourcecode.swift; path = HapticsManager.swift; sourceTree = "<group>"; };
		1E75BCCE27B08ED7009CC6D4 /* SearchResultTableViewCell.swift */ = {isa = PBXFileReference; lastKnownFileType = sourcecode.swift; path = SearchResultTableViewCell.swift; sourceTree = "<group>"; };
		1E7A215427AEBB56008D1C05 /* StockIntheMiddle.app */ = {isa = PBXFileReference; explicitFileType = wrapper.application; includeInIndex = 0; path = StockIntheMiddle.app; sourceTree = BUILT_PRODUCTS_DIR; };
		1E7A215727AEBB56008D1C05 /* AppDelegate.swift */ = {isa = PBXFileReference; lastKnownFileType = sourcecode.swift; path = AppDelegate.swift; sourceTree = "<group>"; };
		1E7A215927AEBB56008D1C05 /* SceneDelegate.swift */ = {isa = PBXFileReference; lastKnownFileType = sourcecode.swift; path = SceneDelegate.swift; sourceTree = "<group>"; };
		1E7A215B27AEBB56008D1C05 /* WatchListViewController.swift */ = {isa = PBXFileReference; lastKnownFileType = sourcecode.swift; path = WatchListViewController.swift; sourceTree = "<group>"; };
		1E7A216027AEBB58008D1C05 /* Assets.xcassets */ = {isa = PBXFileReference; lastKnownFileType = folder.assetcatalog; path = Assets.xcassets; sourceTree = "<group>"; };
		1E7A216327AEBB58008D1C05 /* Base */ = {isa = PBXFileReference; lastKnownFileType = file.storyboard; name = Base; path = Base.lproj/LaunchScreen.storyboard; sourceTree = "<group>"; };
		1E7A216527AEBB58008D1C05 /* Info.plist */ = {isa = PBXFileReference; lastKnownFileType = text.plist.xml; path = Info.plist; sourceTree = "<group>"; };
		1E8AD7F927B1BA0E0041BBE5 /* SearchResponse.swift */ = {isa = PBXFileReference; lastKnownFileType = sourcecode.swift; path = SearchResponse.swift; sourceTree = "<group>"; };
		1E8AD7FD27B1C9F90041BBE5 /* NewsHeaderView.swift */ = {isa = PBXFileReference; lastKnownFileType = sourcecode.swift; path = NewsHeaderView.swift; sourceTree = "<group>"; };
		1E8AD7FF27B1D2320041BBE5 /* NewsStory.swift */ = {isa = PBXFileReference; lastKnownFileType = sourcecode.swift; path = NewsStory.swift; sourceTree = "<group>"; };
		1E8AD80127B1D8C60041BBE5 /* NewsStoryTableViewCell.swift */ = {isa = PBXFileReference; lastKnownFileType = sourcecode.swift; path = NewsStoryTableViewCell.swift; sourceTree = "<group>"; };
		1E9CF93C27C7782F00898828 /* UIAnimatable.swift */ = {isa = PBXFileReference; lastKnownFileType = sourcecode.swift; path = UIAnimatable.swift; sourceTree = "<group>"; };
		1E9CF93E27C7784900898828 /* CalcSearchResults.swift */ = {isa = PBXFileReference; lastKnownFileType = sourcecode.swift; path = CalcSearchResults.swift; sourceTree = "<group>"; };
		1E9CF94027C7791300898828 /* TimeSeriesMonthlyAdjusted.swift */ = {isa = PBXFileReference; lastKnownFileType = sourcecode.swift; path = TimeSeriesMonthlyAdjusted.swift; sourceTree = "<group>"; };
		1E9CF94227C7793500898828 /* Asset.swift */ = {isa = PBXFileReference; lastKnownFileType = sourcecode.swift; path = Asset.swift; sourceTree = "<group>"; };
		1E9CF94427C7797100898828 /* APIService.swift */ = {isa = PBXFileReference; lastKnownFileType = sourcecode.swift; path = APIService.swift; sourceTree = "<group>"; };
		1E9CF94627C7799F00898828 /* DCAService.swift */ = {isa = PBXFileReference; lastKnownFileType = sourcecode.swift; path = DCAService.swift; sourceTree = "<group>"; };
		1E9CF94827C779C400898828 /* CalculatorPresenter.swift */ = {isa = PBXFileReference; lastKnownFileType = sourcecode.swift; path = CalculatorPresenter.swift; sourceTree = "<group>"; };
		1E9CF94A27C77C5E00898828 /* SearchTableViewController.swift */ = {isa = PBXFileReference; lastKnownFileType = sourcecode.swift; path = SearchTableViewController.swift; sourceTree = "<group>"; };
		1E9CF94C27C77C9900898828 /* CalculatorTableViewController.swift */ = {isa = PBXFileReference; lastKnownFileType = sourcecode.swift; path = CalculatorTableViewController.swift; sourceTree = "<group>"; };
		1E9CF94E27C77CBC00898828 /* DateSelectionTableViewController.swift */ = {isa = PBXFileReference; lastKnownFileType = sourcecode.swift; path = DateSelectionTableViewController.swift; sourceTree = "<group>"; };
		1E9CF95027C77CD900898828 /* SearchTableViewCell.swift */ = {isa = PBXFileReference; lastKnownFileType = sourcecode.swift; path = SearchTableViewCell.swift; sourceTree = "<group>"; };
		1E9CF95227C77CFB00898828 /* SearchPlaceholderView.swift */ = {isa = PBXFileReference; lastKnownFileType = sourcecode.swift; path = SearchPlaceholderView.swift; sourceTree = "<group>"; };
		1EC6585627B5D97A00B1C09F /* FinancialMetricsResponse.swift */ = {isa = PBXFileReference; lastKnownFileType = sourcecode.swift; path = FinancialMetricsResponse.swift; sourceTree = "<group>"; };
		1EC6585827B5DC5000B1C09F /* StockDetailHeaderView.swift */ = {isa = PBXFileReference; lastKnownFileType = sourcecode.swift; path = StockDetailHeaderView.swift; sourceTree = "<group>"; };
		1EC6585A27B615B000B1C09F /* MetricCollectionViewCell.swift */ = {isa = PBXFileReference; lastKnownFileType = sourcecode.swift; path = MetricCollectionViewCell.swift; sourceTree = "<group>"; };
		1ECCAC5C27C22EE0007A8ED2 /* SettingTableViewCell.swift */ = {isa = PBXFileReference; lastKnownFileType = sourcecode.swift; path = SettingTableViewCell.swift; sourceTree = "<group>"; };
		1ECCAC5E27C22EFB007A8ED2 /* SwitchTableViewCell.swift */ = {isa = PBXFileReference; lastKnownFileType = sourcecode.swift; path = SwitchTableViewCell.swift; sourceTree = "<group>"; };
		1ECCAC6027C232FF007A8ED2 /* ConfigManager.swift */ = {isa = PBXFileReference; lastKnownFileType = sourcecode.swift; path = ConfigManager.swift; sourceTree = "<group>"; };
		1ECCAC6527C289B4007A8ED2 /* OpenSourceViewController.swift */ = {isa = PBXFileReference; lastKnownFileType = sourcecode.swift; path = OpenSourceViewController.swift; sourceTree = "<group>"; };
		1ED5E24127B3641500413F51 /* MarketDataResponse.swift */ = {isa = PBXFileReference; lastKnownFileType = sourcecode.swift; path = MarketDataResponse.swift; sourceTree = "<group>"; };
		1ED5E24327B36AE500413F51 /* WatchListTableViewCell.swift */ = {isa = PBXFileReference; lastKnownFileType = sourcecode.swift; path = WatchListTableViewCell.swift; sourceTree = "<group>"; };
		1ED5E24527B36C6A00413F51 /* StockChartView.swift */ = {isa = PBXFileReference; lastKnownFileType = sourcecode.swift; path = StockChartView.swift; sourceTree = "<group>"; };
		1EFF83812A01ED2200EC60C8 /* StockIntheMiddleTests.xctest */ = {isa = PBXFileReference; explicitFileType = wrapper.cfbundle; includeInIndex = 0; path = StockIntheMiddleTests.xctest; sourceTree = BUILT_PRODUCTS_DIR; };
		1EFF83832A01ED2200EC60C8 /* StockIntheMiddleTests.swift */ = {isa = PBXFileReference; lastKnownFileType = sourcecode.swift; path = StockIntheMiddleTests.swift; sourceTree = "<group>"; };
		1EFF838A2A01F5AF00EC60C8 /* Secrets.xcconfig */ = {isa = PBXFileReference; lastKnownFileType = text.xcconfig; path = Secrets.xcconfig; sourceTree = "<group>"; };
		1EFF838B2A01F72600EC60C8 /* Notification+.swift */ = {isa = PBXFileReference; lastKnownFileType = sourcecode.swift; path = "Notification+.swift"; sourceTree = "<group>"; };
		1EFF838D2A01F74100EC60C8 /* NumberFormatter+.swift */ = {isa = PBXFileReference; lastKnownFileType = sourcecode.swift; path = "NumberFormatter+.swift"; sourceTree = "<group>"; };
		1EFF838F2A01F75A00EC60C8 /* UIImageView+.swift */ = {isa = PBXFileReference; lastKnownFileType = sourcecode.swift; path = "UIImageView+.swift"; sourceTree = "<group>"; };
		1EFF83912A01F7D200EC60C8 /* String+.swift */ = {isa = PBXFileReference; lastKnownFileType = sourcecode.swift; path = "String+.swift"; sourceTree = "<group>"; };
		1EFF83932A01F7E900EC60C8 /* DateFormatter+.swift */ = {isa = PBXFileReference; lastKnownFileType = sourcecode.swift; path = "DateFormatter+.swift"; sourceTree = "<group>"; };
		1EFF83952A01F7FD00EC60C8 /* UIView+.swift */ = {isa = PBXFileReference; lastKnownFileType = sourcecode.swift; path = "UIView+.swift"; sourceTree = "<group>"; };
		1EFF83972A01F84600EC60C8 /* Array+.swift */ = {isa = PBXFileReference; lastKnownFileType = sourcecode.swift; path = "Array+.swift"; sourceTree = "<group>"; };
		1EFF83992A01F85A00EC60C8 /* UIColor+.swift */ = {isa = PBXFileReference; lastKnownFileType = sourcecode.swift; path = "UIColor+.swift"; sourceTree = "<group>"; };
		1EFF839B2A01F87100EC60C8 /* Double+.swift */ = {isa = PBXFileReference; lastKnownFileType = sourcecode.swift; path = "Double+.swift"; sourceTree = "<group>"; };
		1EFF839D2A01F88500EC60C8 /* Int+.swift */ = {isa = PBXFileReference; lastKnownFileType = sourcecode.swift; path = "Int+.swift"; sourceTree = "<group>"; };
		1EFF839F2A01F89400EC60C8 /* Date+.swift */ = {isa = PBXFileReference; lastKnownFileType = sourcecode.swift; path = "Date+.swift"; sourceTree = "<group>"; };
		1EFF83A12A01F8AB00EC60C8 /* UITextField+.swift */ = {isa = PBXFileReference; lastKnownFileType = sourcecode.swift; path = "UITextField+.swift"; sourceTree = "<group>"; };
		1EFF83A32A0227F700EC60C8 /* UIViewController+.swift */ = {isa = PBXFileReference; lastKnownFileType = sourcecode.swift; path = "UIViewController+.swift"; sourceTree = "<group>"; };
		271F404987710F760AB39E47 /* Pods-StockIntheMiddle.release.xcconfig */ = {isa = PBXFileReference; includeInIndex = 1; lastKnownFileType = text.xcconfig; name = "Pods-StockIntheMiddle.release.xcconfig"; path = "Target Support Files/Pods-StockIntheMiddle/Pods-StockIntheMiddle.release.xcconfig"; sourceTree = "<group>"; };
		512AE250B396CFCF156B90D6 /* Pods-StockIntheMiddle.debug.xcconfig */ = {isa = PBXFileReference; includeInIndex = 1; lastKnownFileType = text.xcconfig; name = "Pods-StockIntheMiddle.debug.xcconfig"; path = "Target Support Files/Pods-StockIntheMiddle/Pods-StockIntheMiddle.debug.xcconfig"; sourceTree = "<group>"; };
		6E5D3C5BBFC10EB666A2BE29 /* Pods_StockIntheMiddle.framework */ = {isa = PBXFileReference; explicitFileType = wrapper.framework; includeInIndex = 0; path = Pods_StockIntheMiddle.framework; sourceTree = BUILT_PRODUCTS_DIR; };
/* End PBXFileReference section */

/* Begin PBXFrameworksBuildPhase section */
		1E7A215127AEBB56008D1C05 /* Frameworks */ = {
			isa = PBXFrameworksBuildPhase;
			buildActionMask = 2147483647;
			files = (
				C329CA883EA94C2D3F3B3BE1 /* Pods_StockIntheMiddle.framework in Frameworks */,
			);
			runOnlyForDeploymentPostprocessing = 0;
		};
		1EFF837E2A01ED2200EC60C8 /* Frameworks */ = {
			isa = PBXFrameworksBuildPhase;
			buildActionMask = 2147483647;
			files = (
			);
			runOnlyForDeploymentPostprocessing = 0;
		};
/* End PBXFrameworksBuildPhase section */

/* Begin PBXGroup section */
		1E7A214B27AEBB56008D1C05 = {
			isa = PBXGroup;
			children = (
				1E3682C827E2C11C0059E6DD /* .swiftlint.yml */,
				1E7A215627AEBB56008D1C05 /* StockIntheMiddle */,
				1EFF83822A01ED2200EC60C8 /* StockIntheMiddleTests */,
				1E7A215527AEBB56008D1C05 /* Products */,
				7828240F7D267B5D37B6E642 /* Pods */,
				7CFC5422DA61EEDD87DBEDBF /* Frameworks */,
			);
			sourceTree = "<group>";
		};
		1E7A215527AEBB56008D1C05 /* Products */ = {
			isa = PBXGroup;
			children = (
				1E7A215427AEBB56008D1C05 /* StockIntheMiddle.app */,
				1EFF83812A01ED2200EC60C8 /* StockIntheMiddleTests.xctest */,
			);
			name = Products;
			sourceTree = "<group>";
		};
		1E7A215627AEBB56008D1C05 /* StockIntheMiddle */ = {
			isa = PBXGroup;
			children = (
				1E9CF91527C762B500898828 /* Watchlist */,
				1E9CF91727C762CE00898828 /* News */,
				1E9CF91627C762C200898828 /* Calculator */,
				1E9CF91827C762D800898828 /* Settings */,
				1E7A216E27AEBC0A008D1C05 /* Managers */,
				1E7A216F27AEBC11008D1C05 /* Application */,
				1EFF837A2A01E9C400EC60C8 /* Extensions */,
				1EFF838A2A01F5AF00EC60C8 /* Secrets.xcconfig */,
			);
			path = StockIntheMiddle;
			sourceTree = "<group>";
		};
		1E7A216E27AEBC0A008D1C05 /* Managers */ = {
			isa = PBXGroup;
			children = (
				1E75BCC627B081B7009CC6D4 /* APICaller.swift */,
				1E75BCC827B081C3009CC6D4 /* PersistenceManager.swift */,
				1E75BCCA27B081CE009CC6D4 /* HapticsManager.swift */,
				1ECCAC6027C232FF007A8ED2 /* ConfigManager.swift */,
				1E7A216227AEBB58008D1C05 /* LaunchScreen.storyboard */,
			);
			path = Managers;
			sourceTree = "<group>";
		};
		1E7A216F27AEBC11008D1C05 /* Application */ = {
			isa = PBXGroup;
			children = (
				1E7A216027AEBB58008D1C05 /* Assets.xcassets */,
				1E7A215727AEBB56008D1C05 /* AppDelegate.swift */,
				1E7A215927AEBB56008D1C05 /* SceneDelegate.swift */,
				1E335EE427BD339800C4BC2F /* MainTabBarViewController.swift */,
				1E7A216527AEBB58008D1C05 /* Info.plist */,
			);
			path = Application;
			sourceTree = "<group>";
		};
		1E9CF91527C762B500898828 /* Watchlist */ = {
			isa = PBXGroup;
			children = (
				1E9CF91D27C7635A00898828 /* Controllers */,
				1E9CF91C27C7635000898828 /* Views */,
				1E9CF92227C7654900898828 /* Models */,
			);
			path = Watchlist;
			sourceTree = "<group>";
		};
		1E9CF91627C762C200898828 /* Calculator */ = {
			isa = PBXGroup;
			children = (
				1E9CF93B27C7781B00898828 /* Protocol */,
				1E9CF93A27C7781400898828 /* Model */,
				1E9CF93927C7780900898828 /* Service */,
				1E9CF92727C7661D00898828 /* Controllers */,
				1E9CF92527C7660A00898828 /* Views */,
			);
			path = Calculator;
			sourceTree = "<group>";
		};
		1E9CF91727C762CE00898828 /* News */ = {
			isa = PBXGroup;
			children = (
				1E9CF91F27C763B600898828 /* Controllers */,
				1E9CF91E27C763B000898828 /* Views */,
				1E9CF92327C7656500898828 /* Models */,
			);
			path = News;
			sourceTree = "<group>";
		};
		1E9CF91827C762D800898828 /* Settings */ = {
			isa = PBXGroup;
			children = (
				1E9CF92127C7645A00898828 /* Controllers */,
				1E9CF92027C7645200898828 /* Views */,
			);
			path = Settings;
			sourceTree = "<group>";
		};
		1E9CF91C27C7635000898828 /* Views */ = {
			isa = PBXGroup;
			children = (
				1E75BCCE27B08ED7009CC6D4 /* SearchResultTableViewCell.swift */,
				1ED5E24327B36AE500413F51 /* WatchListTableViewCell.swift */,
				1ED5E24527B36C6A00413F51 /* StockChartView.swift */,
				1EC6585827B5DC5000B1C09F /* StockDetailHeaderView.swift */,
				1EC6585A27B615B000B1C09F /* MetricCollectionViewCell.swift */,
			);
			path = Views;
			sourceTree = "<group>";
		};
		1E9CF91D27C7635A00898828 /* Controllers */ = {
			isa = PBXGroup;
			children = (
				1E7A215B27AEBB56008D1C05 /* WatchListViewController.swift */,
				1E75BCC427B08040009CC6D4 /* StockDetailsViewController.swift */,
				1E75BCC227B08027009CC6D4 /* SearchResultsViewController.swift */,
			);
			path = Controllers;
			sourceTree = "<group>";
		};
		1E9CF91E27C763B000898828 /* Views */ = {
			isa = PBXGroup;
			children = (
				1E8AD7FD27B1C9F90041BBE5 /* NewsHeaderView.swift */,
				1E8AD80127B1D8C60041BBE5 /* NewsStoryTableViewCell.swift */,
			);
			path = Views;
			sourceTree = "<group>";
		};
		1E9CF91F27C763B600898828 /* Controllers */ = {
			isa = PBXGroup;
			children = (
				1E75BCC027B08015009CC6D4 /* NewsViewController.swift */,
				1E048FAD27E76CC3007633E0 /* NewsWebViewController.swift */,
			);
			path = Controllers;
			sourceTree = "<group>";
		};
		1E9CF92027C7645200898828 /* Views */ = {
			isa = PBXGroup;
			children = (
				1ECCAC5E27C22EFB007A8ED2 /* SwitchTableViewCell.swift */,
				1ECCAC5C27C22EE0007A8ED2 /* SettingTableViewCell.swift */,
			);
			path = Views;
			sourceTree = "<group>";
		};
		1E9CF92127C7645A00898828 /* Controllers */ = {
			isa = PBXGroup;
			children = (
				1E335EE627BD33DA00C4BC2F /* SettingsViewController.swift */,
				1ECCAC6527C289B4007A8ED2 /* OpenSourceViewController.swift */,
			);
			path = Controllers;
			sourceTree = "<group>";
		};
		1E9CF92227C7654900898828 /* Models */ = {
			isa = PBXGroup;
			children = (
				1E8AD7F927B1BA0E0041BBE5 /* SearchResponse.swift */,
				1ED5E24127B3641500413F51 /* MarketDataResponse.swift */,
				1EC6585627B5D97A00B1C09F /* FinancialMetricsResponse.swift */,
			);
			path = Models;
			sourceTree = "<group>";
		};
		1E9CF92327C7656500898828 /* Models */ = {
			isa = PBXGroup;
			children = (
				1E8AD7FF27B1D2320041BBE5 /* NewsStory.swift */,
			);
			path = Models;
			sourceTree = "<group>";
		};
		1E9CF92527C7660A00898828 /* Views */ = {
			isa = PBXGroup;
			children = (
				1E9CF95027C77CD900898828 /* SearchTableViewCell.swift */,
				1E9CF95227C77CFB00898828 /* SearchPlaceholderView.swift */,
			);
			path = Views;
			sourceTree = "<group>";
		};
		1E9CF92727C7661D00898828 /* Controllers */ = {
			isa = PBXGroup;
			children = (
				1E9CF94A27C77C5E00898828 /* SearchTableViewController.swift */,
				1E9CF94C27C77C9900898828 /* CalculatorTableViewController.swift */,
				1E9CF94E27C77CBC00898828 /* DateSelectionTableViewController.swift */,
			);
			path = Controllers;
			sourceTree = "<group>";
		};
		1E9CF93927C7780900898828 /* Service */ = {
			isa = PBXGroup;
			children = (
				1E9CF94427C7797100898828 /* APIService.swift */,
				1E9CF94627C7799F00898828 /* DCAService.swift */,
				1E9CF94827C779C400898828 /* CalculatorPresenter.swift */,
			);
			path = Service;
			sourceTree = "<group>";
		};
		1E9CF93A27C7781400898828 /* Model */ = {
			isa = PBXGroup;
			children = (
				1E9CF93E27C7784900898828 /* CalcSearchResults.swift */,
				1E9CF94027C7791300898828 /* TimeSeriesMonthlyAdjusted.swift */,
				1E9CF94227C7793500898828 /* Asset.swift */,
			);
			path = Model;
			sourceTree = "<group>";
		};
		1E9CF93B27C7781B00898828 /* Protocol */ = {
			isa = PBXGroup;
			children = (
				1E9CF93C27C7782F00898828 /* UIAnimatable.swift */,
			);
			path = Protocol;
			sourceTree = "<group>";
		};
		1EFF837A2A01E9C400EC60C8 /* Extensions */ = {
			isa = PBXGroup;
			children = (
				1EFF838B2A01F72600EC60C8 /* Notification+.swift */,
				1EFF838D2A01F74100EC60C8 /* NumberFormatter+.swift */,
				1EFF838F2A01F75A00EC60C8 /* UIImageView+.swift */,
				1EFF83912A01F7D200EC60C8 /* String+.swift */,
				1EFF83932A01F7E900EC60C8 /* DateFormatter+.swift */,
				1EFF83952A01F7FD00EC60C8 /* UIView+.swift */,
				1EFF83972A01F84600EC60C8 /* Array+.swift */,
				1EFF83992A01F85A00EC60C8 /* UIColor+.swift */,
				1EFF839B2A01F87100EC60C8 /* Double+.swift */,
				1EFF839D2A01F88500EC60C8 /* Int+.swift */,
				1EFF839F2A01F89400EC60C8 /* Date+.swift */,
				1EFF83A12A01F8AB00EC60C8 /* UITextField+.swift */,
				1EFF83A32A0227F700EC60C8 /* UIViewController+.swift */,
			);
			path = Extensions;
			sourceTree = "<group>";
		};
		1EFF83822A01ED2200EC60C8 /* StockIntheMiddleTests */ = {
			isa = PBXGroup;
			children = (
				1EFF83832A01ED2200EC60C8 /* StockIntheMiddleTests.swift */,
			);
			path = StockIntheMiddleTests;
			sourceTree = "<group>";
		};
		7828240F7D267B5D37B6E642 /* Pods */ = {
			isa = PBXGroup;
			children = (
				512AE250B396CFCF156B90D6 /* Pods-StockIntheMiddle.debug.xcconfig */,
				271F404987710F760AB39E47 /* Pods-StockIntheMiddle.release.xcconfig */,
			);
			path = Pods;
			sourceTree = "<group>";
		};
		7CFC5422DA61EEDD87DBEDBF /* Frameworks */ = {
			isa = PBXGroup;
			children = (
				6E5D3C5BBFC10EB666A2BE29 /* Pods_StockIntheMiddle.framework */,
			);
			name = Frameworks;
			sourceTree = "<group>";
		};
/* End PBXGroup section */

/* Begin PBXNativeTarget section */
		1E7A215327AEBB56008D1C05 /* StockIntheMiddle */ = {
			isa = PBXNativeTarget;
			buildConfigurationList = 1E7A216827AEBB58008D1C05 /* Build configuration list for PBXNativeTarget "StockIntheMiddle" */;
			buildPhases = (
				A08F2E59595A127CBDD1CF8D /* [CP] Check Pods Manifest.lock */,
				1E7A215027AEBB56008D1C05 /* Sources */,
				1E7A215127AEBB56008D1C05 /* Frameworks */,
				1E7A215227AEBB56008D1C05 /* Resources */,
				B420DCDB82A91F3DB3551FD3 /* [CP] Embed Pods Frameworks */,
				1E3682C727E2C00B0059E6DD /* SwiftLint */,
			);
			buildRules = (
			);
			dependencies = (
			);
			name = StockIntheMiddle;
			productName = StockIntheMiddle;
			productReference = 1E7A215427AEBB56008D1C05 /* StockIntheMiddle.app */;
			productType = "com.apple.product-type.application";
		};
		1EFF83802A01ED2200EC60C8 /* StockIntheMiddleTests */ = {
			isa = PBXNativeTarget;
			buildConfigurationList = 1EFF83872A01ED2300EC60C8 /* Build configuration list for PBXNativeTarget "StockIntheMiddleTests" */;
			buildPhases = (
				1EFF837D2A01ED2200EC60C8 /* Sources */,
				1EFF837E2A01ED2200EC60C8 /* Frameworks */,
				1EFF837F2A01ED2200EC60C8 /* Resources */,
			);
			buildRules = (
			);
			dependencies = (
				1EFF83862A01ED2200EC60C8 /* PBXTargetDependency */,
			);
			name = StockIntheMiddleTests;
			productName = StockIntheMiddleTests;
			productReference = 1EFF83812A01ED2200EC60C8 /* StockIntheMiddleTests.xctest */;
			productType = "com.apple.product-type.bundle.unit-test";
		};
/* End PBXNativeTarget section */

/* Begin PBXProject section */
		1E7A214C27AEBB56008D1C05 /* Project object */ = {
			isa = PBXProject;
			attributes = {
				BuildIndependentTargetsInParallel = 1;
				LastSwiftUpdateCheck = 1420;
				LastUpgradeCheck = 1320;
				TargetAttributes = {
					1E7A215327AEBB56008D1C05 = {
						CreatedOnToolsVersion = 13.2.1;
					};
					1EFF83802A01ED2200EC60C8 = {
						CreatedOnToolsVersion = 14.2;
						TestTargetID = 1E7A215327AEBB56008D1C05;
					};
				};
			};
			buildConfigurationList = 1E7A214F27AEBB56008D1C05 /* Build configuration list for PBXProject "Stock in the Middle" */;
			compatibilityVersion = "Xcode 13.0";
			developmentRegion = en;
			hasScannedForEncodings = 0;
			knownRegions = (
				en,
				Base,
			);
			mainGroup = 1E7A214B27AEBB56008D1C05;
			productRefGroup = 1E7A215527AEBB56008D1C05 /* Products */;
			projectDirPath = "";
			projectRoot = "";
			targets = (
				1E7A215327AEBB56008D1C05 /* StockIntheMiddle */,
				1EFF83802A01ED2200EC60C8 /* StockIntheMiddleTests */,
			);
		};
/* End PBXProject section */

/* Begin PBXResourcesBuildPhase section */
		1E7A215227AEBB56008D1C05 /* Resources */ = {
			isa = PBXResourcesBuildPhase;
			buildActionMask = 2147483647;
			files = (
				1E7A216427AEBB58008D1C05 /* LaunchScreen.storyboard in Resources */,
				1E7A216127AEBB58008D1C05 /* Assets.xcassets in Resources */,
			);
			runOnlyForDeploymentPostprocessing = 0;
		};
		1EFF837F2A01ED2200EC60C8 /* Resources */ = {
			isa = PBXResourcesBuildPhase;
			buildActionMask = 2147483647;
			files = (
			);
			runOnlyForDeploymentPostprocessing = 0;
		};
/* End PBXResourcesBuildPhase section */

/* Begin PBXShellScriptBuildPhase section */
		1E3682C727E2C00B0059E6DD /* SwiftLint */ = {
			isa = PBXShellScriptBuildPhase;
			buildActionMask = 2147483647;
			files = (
			);
			inputFileListPaths = (
			);
			inputPaths = (
			);
			name = SwiftLint;
			outputFileListPaths = (
			);
			outputPaths = (
			);
			runOnlyForDeploymentPostprocessing = 0;
			shellPath = /bin/sh;
			shellScript = "export PATH=\"$PATH:/opt/homebrew/bin\"\n\nif which swiftlint >/dev/null; then\n  swiftlint --path \"${PROJECT_DIR}/.swiftlint.yml\"\nelse\n  echo \"warning: SwiftLint not installed, download from https://github.com/realm/SwiftLint\"\nfi\n";
		};
		A08F2E59595A127CBDD1CF8D /* [CP] Check Pods Manifest.lock */ = {
			isa = PBXShellScriptBuildPhase;
			buildActionMask = 2147483647;
			files = (
			);
			inputFileListPaths = (
			);
			inputPaths = (
				"${PODS_PODFILE_DIR_PATH}/Podfile.lock",
				"${PODS_ROOT}/Manifest.lock",
			);
			name = "[CP] Check Pods Manifest.lock";
			outputFileListPaths = (
			);
			outputPaths = (
				"$(DERIVED_FILE_DIR)/Pods-StockIntheMiddle-checkManifestLockResult.txt",
			);
			runOnlyForDeploymentPostprocessing = 0;
			shellPath = /bin/sh;
			shellScript = "diff \"${PODS_PODFILE_DIR_PATH}/Podfile.lock\" \"${PODS_ROOT}/Manifest.lock\" > /dev/null\nif [ $? != 0 ] ; then\n    # print error to STDERR\n    echo \"error: The sandbox is not in sync with the Podfile.lock. Run 'pod install' or update your CocoaPods installation.\" >&2\n    exit 1\nfi\n# This output is used by Xcode 'outputs' to avoid re-running this script phase.\necho \"SUCCESS\" > \"${SCRIPT_OUTPUT_FILE_0}\"\n";
			showEnvVarsInLog = 0;
		};
		B420DCDB82A91F3DB3551FD3 /* [CP] Embed Pods Frameworks */ = {
			isa = PBXShellScriptBuildPhase;
			buildActionMask = 2147483647;
			files = (
			);
			inputFileListPaths = (
				"${PODS_ROOT}/Target Support Files/Pods-StockIntheMiddle/Pods-StockIntheMiddle-frameworks-${CONFIGURATION}-input-files.xcfilelist",
			);
			name = "[CP] Embed Pods Frameworks";
			outputFileListPaths = (
				"${PODS_ROOT}/Target Support Files/Pods-StockIntheMiddle/Pods-StockIntheMiddle-frameworks-${CONFIGURATION}-output-files.xcfilelist",
			);
			runOnlyForDeploymentPostprocessing = 0;
			shellPath = /bin/sh;
			shellScript = "\"${PODS_ROOT}/Target Support Files/Pods-StockIntheMiddle/Pods-StockIntheMiddle-frameworks.sh\"\n";
			showEnvVarsInLog = 0;
		};
/* End PBXShellScriptBuildPhase section */

/* Begin PBXSourcesBuildPhase section */
		1E7A215027AEBB56008D1C05 /* Sources */ = {
			isa = PBXSourcesBuildPhase;
			buildActionMask = 2147483647;
			files = (
				1ED5E24227B3641500413F51 /* MarketDataResponse.swift in Sources */,
				1E75BCCB27B081CE009CC6D4 /* HapticsManager.swift in Sources */,
				1EC6585B27B615B000B1C09F /* MetricCollectionViewCell.swift in Sources */,
				1EFF838E2A01F74100EC60C8 /* NumberFormatter+.swift in Sources */,
				1E9CF95327C77CFB00898828 /* SearchPlaceholderView.swift in Sources */,
				1E335EE527BD339800C4BC2F /* MainTabBarViewController.swift in Sources */,
				1E75BCCF27B08ED7009CC6D4 /* SearchResultTableViewCell.swift in Sources */,
				1EFF839E2A01F88500EC60C8 /* Int+.swift in Sources */,
				1E75BCC527B08040009CC6D4 /* StockDetailsViewController.swift in Sources */,
				1ECCAC6627C289B4007A8ED2 /* OpenSourceViewController.swift in Sources */,
				1ECCAC5D27C22EE0007A8ED2 /* SettingTableViewCell.swift in Sources */,
				1EFF83982A01F84600EC60C8 /* Array+.swift in Sources */,
				1EFF83A02A01F89400EC60C8 /* Date+.swift in Sources */,
				1E9CF94327C7793500898828 /* Asset.swift in Sources */,
				1E7A215C27AEBB56008D1C05 /* WatchListViewController.swift in Sources */,
				1E9CF93F27C7784900898828 /* CalcSearchResults.swift in Sources */,
				1EC6585727B5D97A00B1C09F /* FinancialMetricsResponse.swift in Sources */,
				1E9CF94727C7799F00898828 /* DCAService.swift in Sources */,
				1E75BCC127B08015009CC6D4 /* NewsViewController.swift in Sources */,
				1EFF839A2A01F85A00EC60C8 /* UIColor+.swift in Sources */,
				1E75BCC927B081C3009CC6D4 /* PersistenceManager.swift in Sources */,
				1E9CF94D27C77C9900898828 /* CalculatorTableViewController.swift in Sources */,
				1EFF83A42A0227F700EC60C8 /* UIViewController+.swift in Sources */,
				1EFF83922A01F7D200EC60C8 /* String+.swift in Sources */,
				1ECCAC6127C232FF007A8ED2 /* ConfigManager.swift in Sources */,
				1E8AD80027B1D2320041BBE5 /* NewsStory.swift in Sources */,
				1E9CF94B27C77C5E00898828 /* SearchTableViewController.swift in Sources */,
				1EFF83962A01F7FD00EC60C8 /* UIView+.swift in Sources */,
				1EFF83A22A01F8AB00EC60C8 /* UITextField+.swift in Sources */,
				1E9CF94F27C77CBC00898828 /* DateSelectionTableViewController.swift in Sources */,
				1ECCAC5F27C22EFB007A8ED2 /* SwitchTableViewCell.swift in Sources */,
				1E8AD80227B1D8C60041BBE5 /* NewsStoryTableViewCell.swift in Sources */,
				1ED5E24627B36C6A00413F51 /* StockChartView.swift in Sources */,
				1E75BCC727B081B7009CC6D4 /* APICaller.swift in Sources */,
				1E335EE727BD33DA00C4BC2F /* SettingsViewController.swift in Sources */,
				1E9CF94527C7797100898828 /* APIService.swift in Sources */,
				1EFF83902A01F75A00EC60C8 /* UIImageView+.swift in Sources */,
				1E8AD7FA27B1BA0E0041BBE5 /* SearchResponse.swift in Sources */,
				1E9CF93D27C7782F00898828 /* UIAnimatable.swift in Sources */,
				1E9CF95127C77CD900898828 /* SearchTableViewCell.swift in Sources */,
				1E8AD7FE27B1C9F90041BBE5 /* NewsHeaderView.swift in Sources */,
				1EFF838C2A01F72600EC60C8 /* Notification+.swift in Sources */,
				1E048FAE27E76CC3007633E0 /* NewsWebViewController.swift in Sources */,
				1E7A215827AEBB56008D1C05 /* AppDelegate.swift in Sources */,
				1E7A215A27AEBB56008D1C05 /* SceneDelegate.swift in Sources */,
				1EFF83942A01F7E900EC60C8 /* DateFormatter+.swift in Sources */,
				1EFF839C2A01F87100EC60C8 /* Double+.swift in Sources */,
				1EC6585927B5DC5000B1C09F /* StockDetailHeaderView.swift in Sources */,
				1E9CF94927C779C400898828 /* CalculatorPresenter.swift in Sources */,
				1ED5E24427B36AE500413F51 /* WatchListTableViewCell.swift in Sources */,
				1E75BCC327B08027009CC6D4 /* SearchResultsViewController.swift in Sources */,
				1E9CF94127C7791300898828 /* TimeSeriesMonthlyAdjusted.swift in Sources */,
			);
			runOnlyForDeploymentPostprocessing = 0;
		};
		1EFF837D2A01ED2200EC60C8 /* Sources */ = {
			isa = PBXSourcesBuildPhase;
			buildActionMask = 2147483647;
			files = (
				1EFF83842A01ED2200EC60C8 /* StockIntheMiddleTests.swift in Sources */,
			);
			runOnlyForDeploymentPostprocessing = 0;
		};
/* End PBXSourcesBuildPhase section */

/* Begin PBXTargetDependency section */
		1EFF83862A01ED2200EC60C8 /* PBXTargetDependency */ = {
			isa = PBXTargetDependency;
			target = 1E7A215327AEBB56008D1C05 /* StockIntheMiddle */;
			targetProxy = 1EFF83852A01ED2200EC60C8 /* PBXContainerItemProxy */;
		};
/* End PBXTargetDependency section */

/* Begin PBXVariantGroup section */
		1E7A216227AEBB58008D1C05 /* LaunchScreen.storyboard */ = {
			isa = PBXVariantGroup;
			children = (
				1E7A216327AEBB58008D1C05 /* Base */,
			);
			name = LaunchScreen.storyboard;
			sourceTree = "<group>";
		};
/* End PBXVariantGroup section */

/* Begin XCBuildConfiguration section */
		1E7A216627AEBB58008D1C05 /* Debug */ = {
			isa = XCBuildConfiguration;
			baseConfigurationReference = 1EFF838A2A01F5AF00EC60C8 /* Secrets.xcconfig */;
			buildSettings = {
				ALWAYS_SEARCH_USER_PATHS = NO;
				CLANG_ANALYZER_NONNULL = YES;
				CLANG_ANALYZER_NUMBER_OBJECT_CONVERSION = YES_AGGRESSIVE;
				CLANG_CXX_LANGUAGE_STANDARD = "gnu++17";
				CLANG_CXX_LIBRARY = "libc++";
				CLANG_ENABLE_MODULES = YES;
				CLANG_ENABLE_OBJC_ARC = YES;
				CLANG_ENABLE_OBJC_WEAK = YES;
				CLANG_WARN_BLOCK_CAPTURE_AUTORELEASING = YES;
				CLANG_WARN_BOOL_CONVERSION = YES;
				CLANG_WARN_COMMA = YES;
				CLANG_WARN_CONSTANT_CONVERSION = YES;
				CLANG_WARN_DEPRECATED_OBJC_IMPLEMENTATIONS = YES;
				CLANG_WARN_DIRECT_OBJC_ISA_USAGE = YES_ERROR;
				CLANG_WARN_DOCUMENTATION_COMMENTS = YES;
				CLANG_WARN_EMPTY_BODY = YES;
				CLANG_WARN_ENUM_CONVERSION = YES;
				CLANG_WARN_INFINITE_RECURSION = YES;
				CLANG_WARN_INT_CONVERSION = YES;
				CLANG_WARN_NON_LITERAL_NULL_CONVERSION = YES;
				CLANG_WARN_OBJC_IMPLICIT_RETAIN_SELF = YES;
				CLANG_WARN_OBJC_LITERAL_CONVERSION = YES;
				CLANG_WARN_OBJC_ROOT_CLASS = YES_ERROR;
				CLANG_WARN_QUOTED_INCLUDE_IN_FRAMEWORK_HEADER = YES;
				CLANG_WARN_RANGE_LOOP_ANALYSIS = YES;
				CLANG_WARN_STRICT_PROTOTYPES = YES;
				CLANG_WARN_SUSPICIOUS_MOVE = YES;
				CLANG_WARN_UNGUARDED_AVAILABILITY = YES_AGGRESSIVE;
				CLANG_WARN_UNREACHABLE_CODE = YES;
				CLANG_WARN__DUPLICATE_METHOD_MATCH = YES;
				COPY_PHASE_STRIP = NO;
				DEBUG_INFORMATION_FORMAT = dwarf;
				ENABLE_STRICT_OBJC_MSGSEND = YES;
				ENABLE_TESTABILITY = YES;
				GCC_C_LANGUAGE_STANDARD = gnu11;
				GCC_DYNAMIC_NO_PIC = NO;
				GCC_NO_COMMON_BLOCKS = YES;
				GCC_OPTIMIZATION_LEVEL = 0;
				GCC_PREPROCESSOR_DEFINITIONS = (
					"DEBUG=1",
					"$(inherited)",
				);
				GCC_WARN_64_TO_32_BIT_CONVERSION = YES;
				GCC_WARN_ABOUT_RETURN_TYPE = YES_ERROR;
				GCC_WARN_UNDECLARED_SELECTOR = YES;
				GCC_WARN_UNINITIALIZED_AUTOS = YES_AGGRESSIVE;
				GCC_WARN_UNUSED_FUNCTION = YES;
				GCC_WARN_UNUSED_VARIABLE = YES;
				IPHONEOS_DEPLOYMENT_TARGET = 13.0;
				MTL_ENABLE_DEBUG_INFO = INCLUDE_SOURCE;
				MTL_FAST_MATH = YES;
				ONLY_ACTIVE_ARCH = YES;
				SDKROOT = iphoneos;
				SWIFT_ACTIVE_COMPILATION_CONDITIONS = DEBUG;
				SWIFT_OPTIMIZATION_LEVEL = "-Onone";
			};
			name = Debug;
		};
		1E7A216727AEBB58008D1C05 /* Release */ = {
			isa = XCBuildConfiguration;
			baseConfigurationReference = 1EFF838A2A01F5AF00EC60C8 /* Secrets.xcconfig */;
			buildSettings = {
				ALWAYS_SEARCH_USER_PATHS = NO;
				CLANG_ANALYZER_NONNULL = YES;
				CLANG_ANALYZER_NUMBER_OBJECT_CONVERSION = YES_AGGRESSIVE;
				CLANG_CXX_LANGUAGE_STANDARD = "gnu++17";
				CLANG_CXX_LIBRARY = "libc++";
				CLANG_ENABLE_MODULES = YES;
				CLANG_ENABLE_OBJC_ARC = YES;
				CLANG_ENABLE_OBJC_WEAK = YES;
				CLANG_WARN_BLOCK_CAPTURE_AUTORELEASING = YES;
				CLANG_WARN_BOOL_CONVERSION = YES;
				CLANG_WARN_COMMA = YES;
				CLANG_WARN_CONSTANT_CONVERSION = YES;
				CLANG_WARN_DEPRECATED_OBJC_IMPLEMENTATIONS = YES;
				CLANG_WARN_DIRECT_OBJC_ISA_USAGE = YES_ERROR;
				CLANG_WARN_DOCUMENTATION_COMMENTS = YES;
				CLANG_WARN_EMPTY_BODY = YES;
				CLANG_WARN_ENUM_CONVERSION = YES;
				CLANG_WARN_INFINITE_RECURSION = YES;
				CLANG_WARN_INT_CONVERSION = YES;
				CLANG_WARN_NON_LITERAL_NULL_CONVERSION = YES;
				CLANG_WARN_OBJC_IMPLICIT_RETAIN_SELF = YES;
				CLANG_WARN_OBJC_LITERAL_CONVERSION = YES;
				CLANG_WARN_OBJC_ROOT_CLASS = YES_ERROR;
				CLANG_WARN_QUOTED_INCLUDE_IN_FRAMEWORK_HEADER = YES;
				CLANG_WARN_RANGE_LOOP_ANALYSIS = YES;
				CLANG_WARN_STRICT_PROTOTYPES = YES;
				CLANG_WARN_SUSPICIOUS_MOVE = YES;
				CLANG_WARN_UNGUARDED_AVAILABILITY = YES_AGGRESSIVE;
				CLANG_WARN_UNREACHABLE_CODE = YES;
				CLANG_WARN__DUPLICATE_METHOD_MATCH = YES;
				COPY_PHASE_STRIP = NO;
				DEBUG_INFORMATION_FORMAT = "dwarf-with-dsym";
				ENABLE_NS_ASSERTIONS = NO;
				ENABLE_STRICT_OBJC_MSGSEND = YES;
				GCC_C_LANGUAGE_STANDARD = gnu11;
				GCC_NO_COMMON_BLOCKS = YES;
				GCC_WARN_64_TO_32_BIT_CONVERSION = YES;
				GCC_WARN_ABOUT_RETURN_TYPE = YES_ERROR;
				GCC_WARN_UNDECLARED_SELECTOR = YES;
				GCC_WARN_UNINITIALIZED_AUTOS = YES_AGGRESSIVE;
				GCC_WARN_UNUSED_FUNCTION = YES;
				GCC_WARN_UNUSED_VARIABLE = YES;
				IPHONEOS_DEPLOYMENT_TARGET = 13.0;
				MTL_ENABLE_DEBUG_INFO = NO;
				MTL_FAST_MATH = YES;
				SDKROOT = iphoneos;
				SWIFT_COMPILATION_MODE = wholemodule;
				SWIFT_OPTIMIZATION_LEVEL = "-O";
				VALIDATE_PRODUCT = YES;
			};
			name = Release;
		};
		1E7A216927AEBB58008D1C05 /* Debug */ = {
			isa = XCBuildConfiguration;
			baseConfigurationReference = 512AE250B396CFCF156B90D6 /* Pods-StockIntheMiddle.debug.xcconfig */;
			buildSettings = {
				ASSETCATALOG_COMPILER_APPICON_NAME = AppIcon;
				ASSETCATALOG_COMPILER_GLOBAL_ACCENT_COLOR_NAME = AccentColor;
				CODE_SIGN_IDENTITY = "Apple Development";
				"CODE_SIGN_IDENTITY[sdk=iphoneos*]" = "iPhone Developer";
				CODE_SIGN_STYLE = Manual;
				CURRENT_PROJECT_VERSION = 7;
				DEVELOPMENT_TEAM = "";
				"DEVELOPMENT_TEAM[sdk=iphoneos*]" = 4FTFKXF8N5;
				GENERATE_INFOPLIST_FILE = YES;
				INFOPLIST_FILE = StockIntheMiddle/Application/Info.plist;
				INFOPLIST_KEY_CFBundleDisplayName = "Stock in the Middle";
				INFOPLIST_KEY_UIApplicationSupportsIndirectInputEvents = YES;
				INFOPLIST_KEY_UILaunchStoryboardName = LaunchScreen;
				INFOPLIST_KEY_UISupportedInterfaceOrientations = UIInterfaceOrientationPortrait;
				INFOPLIST_KEY_UISupportedInterfaceOrientations_iPad = "UIInterfaceOrientationPortrait UIInterfaceOrientationPortraitUpsideDown UIInterfaceOrientationLandscapeLeft UIInterfaceOrientationLandscapeRight";
				INFOPLIST_KEY_UISupportedInterfaceOrientations_iPhone = "UIInterfaceOrientationPortrait UIInterfaceOrientationLandscapeLeft UIInterfaceOrientationLandscapeRight";
				IPHONEOS_DEPLOYMENT_TARGET = 13.0;
				LD_RUNPATH_SEARCH_PATHS = (
					"$(inherited)",
					"@executable_path/Frameworks",
				);
				MARKETING_VERSION = 1.0.1;
				PRODUCT_BUNDLE_IDENTIFIER = com.jeongminkim.StockIntheMiddle;
				PRODUCT_NAME = "$(TARGET_NAME)";
				PROVISIONING_PROFILE_SPECIFIER = "";
				"PROVISIONING_PROFILE_SPECIFIER[sdk=iphoneos*]" = StockIntheMiddleForDevelopment;
				SUPPORTED_PLATFORMS = "iphoneos iphonesimulator";
				SUPPORTS_MACCATALYST = NO;
				SUPPORTS_MAC_DESIGNED_FOR_IPHONE_IPAD = NO;
				SWIFT_EMIT_LOC_STRINGS = YES;
				SWIFT_VERSION = 5.0;
				TARGETED_DEVICE_FAMILY = 1;
			};
			name = Debug;
		};
		1E7A216A27AEBB58008D1C05 /* Release */ = {
			isa = XCBuildConfiguration;
			baseConfigurationReference = 271F404987710F760AB39E47 /* Pods-StockIntheMiddle.release.xcconfig */;
			buildSettings = {
				ASSETCATALOG_COMPILER_APPICON_NAME = AppIcon;
				ASSETCATALOG_COMPILER_GLOBAL_ACCENT_COLOR_NAME = AccentColor;
				CODE_SIGN_IDENTITY = "Apple Development";
				"CODE_SIGN_IDENTITY[sdk=iphoneos*]" = "iPhone Distribution";
				CODE_SIGN_STYLE = Manual;
				CURRENT_PROJECT_VERSION = 7;
				DEVELOPMENT_TEAM = "";
				"DEVELOPMENT_TEAM[sdk=iphoneos*]" = 4FTFKXF8N5;
				GENERATE_INFOPLIST_FILE = YES;
				INFOPLIST_FILE = StockIntheMiddle/Application/Info.plist;
				INFOPLIST_KEY_CFBundleDisplayName = "Stock in the Middle";
				INFOPLIST_KEY_UIApplicationSupportsIndirectInputEvents = YES;
				INFOPLIST_KEY_UILaunchStoryboardName = LaunchScreen;
				INFOPLIST_KEY_UISupportedInterfaceOrientations = UIInterfaceOrientationPortrait;
				INFOPLIST_KEY_UISupportedInterfaceOrientations_iPad = "UIInterfaceOrientationPortrait UIInterfaceOrientationPortraitUpsideDown UIInterfaceOrientationLandscapeLeft UIInterfaceOrientationLandscapeRight";
				INFOPLIST_KEY_UISupportedInterfaceOrientations_iPhone = "UIInterfaceOrientationPortrait UIInterfaceOrientationLandscapeLeft UIInterfaceOrientationLandscapeRight";
				IPHONEOS_DEPLOYMENT_TARGET = 13.0;
				LD_RUNPATH_SEARCH_PATHS = (
					"$(inherited)",
					"@executable_path/Frameworks",
				);
				MARKETING_VERSION = 1.0.1;
				PRODUCT_BUNDLE_IDENTIFIER = com.jeongminkim.StockIntheMiddle;
				PRODUCT_NAME = "$(TARGET_NAME)";
				PROVISIONING_PROFILE_SPECIFIER = "";
				"PROVISIONING_PROFILE_SPECIFIER[sdk=iphoneos*]" = "StockIntheMiddleFor\bRelease";
				SUPPORTED_PLATFORMS = "iphoneos iphonesimulator";
				SUPPORTS_MACCATALYST = NO;
				SUPPORTS_MAC_DESIGNED_FOR_IPHONE_IPAD = NO;
				SWIFT_EMIT_LOC_STRINGS = YES;
				SWIFT_VERSION = 5.0;
				TARGETED_DEVICE_FAMILY = 1;
			};
			name = Release;
		};
		1EFF83882A01ED2300EC60C8 /* Debug */ = {
			isa = XCBuildConfiguration;
			baseConfigurationReference = 1EFF838A2A01F5AF00EC60C8 /* Secrets.xcconfig */;
			buildSettings = {
				BUNDLE_LOADER = "$(TEST_HOST)";
				CLANG_CXX_LANGUAGE_STANDARD = "gnu++20";
				CODE_SIGN_STYLE = Automatic;
				CURRENT_PROJECT_VERSION = 1;
				DEVELOPMENT_TEAM = 4FTFKXF8N5;
				GENERATE_INFOPLIST_FILE = YES;
				IPHONEOS_DEPLOYMENT_TARGET = 16.2;
				MARKETING_VERSION = 1.0;
				PRODUCT_BUNDLE_IDENTIFIER = com.jeongminkim.StockIntheMiddleTests;
				PRODUCT_NAME = "$(TARGET_NAME)";
				SWIFT_EMIT_LOC_STRINGS = NO;
				SWIFT_VERSION = 5.0;
				TARGETED_DEVICE_FAMILY = "1,2";
				TEST_HOST = "$(BUILT_PRODUCTS_DIR)/StockIntheMiddle.app/$(BUNDLE_EXECUTABLE_FOLDER_PATH)/StockIntheMiddle";
			};
			name = Debug;
		};
		1EFF83892A01ED2300EC60C8 /* Release */ = {
			isa = XCBuildConfiguration;
			buildSettings = {
				BUNDLE_LOADER = "$(TEST_HOST)";
				CLANG_CXX_LANGUAGE_STANDARD = "gnu++20";
				CODE_SIGN_STYLE = Automatic;
				CURRENT_PROJECT_VERSION = 1;
				DEVELOPMENT_TEAM = 4FTFKXF8N5;
				GENERATE_INFOPLIST_FILE = YES;
				IPHONEOS_DEPLOYMENT_TARGET = 16.2;
				MARKETING_VERSION = 1.0;
				PRODUCT_BUNDLE_IDENTIFIER = com.jeongminkim.StockIntheMiddleTests;
				PRODUCT_NAME = "$(TARGET_NAME)";
				SWIFT_EMIT_LOC_STRINGS = NO;
				SWIFT_VERSION = 5.0;
				TARGETED_DEVICE_FAMILY = "1,2";
				TEST_HOST = "$(BUILT_PRODUCTS_DIR)/StockIntheMiddle.app/$(BUNDLE_EXECUTABLE_FOLDER_PATH)/StockIntheMiddle";
			};
			name = Release;
		};
/* End XCBuildConfiguration section */

/* Begin XCConfigurationList section */
		1E7A214F27AEBB56008D1C05 /* Build configuration list for PBXProject "Stock in the Middle" */ = {
			isa = XCConfigurationList;
			buildConfigurations = (
				1E7A216627AEBB58008D1C05 /* Debug */,
				1E7A216727AEBB58008D1C05 /* Release */,
			);
			defaultConfigurationIsVisible = 0;
			defaultConfigurationName = Release;
		};
		1E7A216827AEBB58008D1C05 /* Build configuration list for PBXNativeTarget "StockIntheMiddle" */ = {
			isa = XCConfigurationList;
			buildConfigurations = (
				1E7A216927AEBB58008D1C05 /* Debug */,
				1E7A216A27AEBB58008D1C05 /* Release */,
			);
			defaultConfigurationIsVisible = 0;
			defaultConfigurationName = Release;
		};
		1EFF83872A01ED2300EC60C8 /* Build configuration list for PBXNativeTarget "StockIntheMiddleTests" */ = {
			isa = XCConfigurationList;
			buildConfigurations = (
				1EFF83882A01ED2300EC60C8 /* Debug */,
				1EFF83892A01ED2300EC60C8 /* Release */,
			);
			defaultConfigurationIsVisible = 0;
			defaultConfigurationName = Release;
		};
/* End XCConfigurationList section */
	};
	rootObject = 1E7A214C27AEBB56008D1C05 /* Project object */;
}
